// !$*UTF8*$!
{
	archiveVersion = 1;
	classes = {
	};
	objectVersion = 46;
	objects = {

/* Begin PBXBuildFile section */
		1166190E1ECD3E71003D6A1F /* HHTextFieldView.m in Sources */ = {isa = PBXBuildFile; fileRef = 1166190D1ECD3E71003D6A1F /* HHTextFieldView.m */; };
		116619111ECD3EC5003D6A1F /* HHBaseView.m in Sources */ = {isa = PBXBuildFile; fileRef = 116619101ECD3EC5003D6A1F /* HHBaseView.m */; };
		11708DCA1E9764D1004F5469 /* HomeViewController.m in Sources */ = {isa = PBXBuildFile; fileRef = 11708DC91E9764D1004F5469 /* HomeViewController.m */; };
		11708DD21E97821A004F5469 /* IntoMessageTableViewController.m in Sources */ = {isa = PBXBuildFile; fileRef = 11708DD11E97821A004F5469 /* IntoMessageTableViewController.m */; };
		11708DD71E988182004F5469 /* IntoMessageCell.m in Sources */ = {isa = PBXBuildFile; fileRef = 11708DD61E988182004F5469 /* IntoMessageCell.m */; };
		11708DDA1E9883EC004F5469 /* IntoMessageModel.m in Sources */ = {isa = PBXBuildFile; fileRef = 11708DD91E9883EC004F5469 /* IntoMessageModel.m */; };
		117E36621EB323C700D4493D /* TriggerBoolView.m in Sources */ = {isa = PBXBuildFile; fileRef = 117E365B1EB323C700D4493D /* TriggerBoolView.m */; };
		117E36631EB323C700D4493D /* TriggerEnumView.m in Sources */ = {isa = PBXBuildFile; fileRef = 117E365D1EB323C700D4493D /* TriggerEnumView.m */; };
		117E36641EB323C700D4493D /* TriggerNumberView.m in Sources */ = {isa = PBXBuildFile; fileRef = 117E365F1EB323C700D4493D /* TriggerNumberView.m */; };
		117E36651EB323C700D4493D /* TriggerTimerView.m in Sources */ = {isa = PBXBuildFile; fileRef = 117E36611EB323C700D4493D /* TriggerTimerView.m */; };
		117E36681EB323E900D4493D /* IntoYunUtils.m in Sources */ = {isa = PBXBuildFile; fileRef = 117E36671EB323E900D4493D /* IntoYunUtils.m */; };
		117E366D1EB3241500D4493D /* IntoSystemDatapoints.m in Sources */ = {isa = PBXBuildFile; fileRef = 117E366A1EB3241500D4493D /* IntoSystemDatapoints.m */; };
		117E366E1EB3241500D4493D /* IntoSystemDevice.m in Sources */ = {isa = PBXBuildFile; fileRef = 117E366C1EB3241500D4493D /* IntoSystemDevice.m */; };
		117E36781EB3243800D4493D /* RecipeDetailViewController.m in Sources */ = {isa = PBXBuildFile; fileRef = 117E36701EB3243800D4493D /* RecipeDetailViewController.m */; };
		117E36791EB3243800D4493D /* SelectActionViewController.m in Sources */ = {isa = PBXBuildFile; fileRef = 117E36731EB3243800D4493D /* SelectActionViewController.m */; };
		117E367A1EB3243800D4493D /* SetActionViewController.m in Sources */ = {isa = PBXBuildFile; fileRef = 117E36751EB3243800D4493D /* SetActionViewController.m */; };
		117E367B1EB3243800D4493D /* SetTriggerViewController.m in Sources */ = {isa = PBXBuildFile; fileRef = 117E36771EB3243800D4493D /* SetTriggerViewController.m */; };
		117E367E1EB3247900D4493D /* SystemDatapoints.plist in Resources */ = {isa = PBXBuildFile; fileRef = 117E367C1EB3247900D4493D /* SystemDatapoints.plist */; };
		117E367F1EB3247900D4493D /* SystemDevice.plist in Resources */ = {isa = PBXBuildFile; fileRef = 117E367D1EB3247900D4493D /* SystemDevice.plist */; };
		117E36821EB3256500D4493D /* SelectTriggerViewController.m in Sources */ = {isa = PBXBuildFile; fileRef = 117E36811EB3256500D4493D /* SelectTriggerViewController.m */; };
		117E36851EB325AA00D4493D /* IntoDatePicker.m in Sources */ = {isa = PBXBuildFile; fileRef = 117E36841EB325AA00D4493D /* IntoDatePicker.m */; };
		117E36881EB325F900D4493D /* DeviceCollectionViewCell.m in Sources */ = {isa = PBXBuildFile; fileRef = 117E36871EB325F900D4493D /* DeviceCollectionViewCell.m */; };
		117E368B1EB3262100D4493D /* DeviceCollectionViewGridLayout.m in Sources */ = {isa = PBXBuildFile; fileRef = 117E368A1EB3262100D4493D /* DeviceCollectionViewGridLayout.m */; };
		117E368E1EB3263600D4493D /* IntoRecipeCollectionViewCell.m in Sources */ = {isa = PBXBuildFile; fileRef = 117E368D1EB3263600D4493D /* IntoRecipeCollectionViewCell.m */; };
		117E36911EB3265B00D4493D /* DataPointTableViewCell.m in Sources */ = {isa = PBXBuildFile; fileRef = 117E36901EB3265B00D4493D /* DataPointTableViewCell.m */; };
		117E36EE1EB334C900D4493D /* ActionBoolView.m in Sources */ = {isa = PBXBuildFile; fileRef = 117E36ED1EB334C900D4493D /* ActionBoolView.m */; };
		117E36F11EB34ED300D4493D /* ActionNumberView.m in Sources */ = {isa = PBXBuildFile; fileRef = 117E36F01EB34ED300D4493D /* ActionNumberView.m */; };
		117E36F41EB34EEA00D4493D /* ActionEnumView.m in Sources */ = {isa = PBXBuildFile; fileRef = 117E36F31EB34EEA00D4493D /* ActionEnumView.m */; };
		117E36F71EB34EFE00D4493D /* ActionStringView.m in Sources */ = {isa = PBXBuildFile; fileRef = 117E36F61EB34EFE00D4493D /* ActionStringView.m */; };
		117E36FA1EB34F3C00D4493D /* ActionEmailView.m in Sources */ = {isa = PBXBuildFile; fileRef = 117E36F91EB34F3C00D4493D /* ActionEmailView.m */; };
		11AE00061E84D487003089B2 /* IntoYunSdkDemoTests.m in Sources */ = {isa = PBXBuildFile; fileRef = 11AE00051E84D487003089B2 /* IntoYunSdkDemoTests.m */; };
		11AE00111E84D487003089B2 /* IntoYunSdkDemoUITests.m in Sources */ = {isa = PBXBuildFile; fileRef = 11AE00101E84D487003089B2 /* IntoYunSdkDemoUITests.m */; };
		11AE00B41E84D5C4003089B2 /* IntoControlDeviceViewController.m in Sources */ = {isa = PBXBuildFile; fileRef = 11AE00601E84D5C4003089B2 /* IntoControlDeviceViewController.m */; };
		11AE00B51E84D5C4003089B2 /* IntoImlinkConfigViewController.m in Sources */ = {isa = PBXBuildFile; fileRef = 11AE00621E84D5C4003089B2 /* IntoImlinkConfigViewController.m */; };
		11AE00B61E84D5C4003089B2 /* IntoCreateDeviceViewController.xib in Resources */ = {isa = PBXBuildFile; fileRef = 11AE00631E84D5C4003089B2 /* IntoCreateDeviceViewController.xib */; };
		11AE00B71E84D5C4003089B2 /* IntoDeviceInfoViewController.m in Sources */ = {isa = PBXBuildFile; fileRef = 11AE00651E84D5C4003089B2 /* IntoDeviceInfoViewController.m */; };
		11AE00BA1E84D5C4003089B2 /* IntoDeviceViewController.m in Sources */ = {isa = PBXBuildFile; fileRef = 11AE006B1E84D5C4003089B2 /* IntoDeviceViewController.m */; };
		11AE00BB1E84D5C4003089B2 /* DTKDropdownMenuView.bundle in Resources */ = {isa = PBXBuildFile; fileRef = 11AE006E1E84D5C4003089B2 /* DTKDropdownMenuView.bundle */; };
		11AE00BC1E84D5C4003089B2 /* DTKDropdownMenuView.m in Sources */ = {isa = PBXBuildFile; fileRef = 11AE00701E84D5C4003089B2 /* DTKDropdownMenuView.m */; };
		11AE00C71E84D5C4003089B2 /* MBProgressHUD+IntoYun.m in Sources */ = {isa = PBXBuildFile; fileRef = 11AE008D1E84D5C4003089B2 /* MBProgressHUD+IntoYun.m */; };
		11AE00C81E84D5C4003089B2 /* MBProgressHUD.bundle in Resources */ = {isa = PBXBuildFile; fileRef = 11AE008E1E84D5C4003089B2 /* MBProgressHUD.bundle */; };
		11AE00C91E84D5C4003089B2 /* MBProgressHUD.m in Sources */ = {isa = PBXBuildFile; fileRef = 11AE00901E84D5C4003089B2 /* MBProgressHUD.m */; };
		11AE00D41E84D5C4003089B2 /* IntoPersionViewController.m in Sources */ = {isa = PBXBuildFile; fileRef = 11AE00A91E84D5C4003089B2 /* IntoPersionViewController.m */; };
		11AE00D51E84D5C4003089B2 /* IntoRegisterViewController.m in Sources */ = {isa = PBXBuildFile; fileRef = 11AE00AB1E84D5C4003089B2 /* IntoRegisterViewController.m */; };
		11AE00D61E84D5C4003089B2 /* IntoResetPWViewController.m in Sources */ = {isa = PBXBuildFile; fileRef = 11AE00AD1E84D5C4003089B2 /* IntoResetPWViewController.m */; };
		11AE00D81E84D5C4003089B2 /* ResetPW.storyboard in Resources */ = {isa = PBXBuildFile; fileRef = 11AE00AF1E84D5C4003089B2 /* ResetPW.storyboard */; };
		11AE00D91E84D5C4003089B2 /* Rigister.storyboard in Resources */ = {isa = PBXBuildFile; fileRef = 11AE00B01E84D5C4003089B2 /* Rigister.storyboard */; };
		11AE00DA1E84D5C4003089B2 /* IntoLoginViewController.m in Sources */ = {isa = PBXBuildFile; fileRef = 11AE00B21E84D5C4003089B2 /* IntoLoginViewController.m */; };
		11AEFFED1E84D487003089B2 /* main.m in Sources */ = {isa = PBXBuildFile; fileRef = 11AEFFEC1E84D487003089B2 /* main.m */; };
		11AEFFF01E84D487003089B2 /* AppDelegate.m in Sources */ = {isa = PBXBuildFile; fileRef = 11AEFFEF1E84D487003089B2 /* AppDelegate.m */; };
		11AEFFF81E84D487003089B2 /* Assets.xcassets in Resources */ = {isa = PBXBuildFile; fileRef = 11AEFFF71E84D487003089B2 /* Assets.xcassets */; };
		11E01F5C1E9B0EE100A08AC9 /* RecipeCollectionViewController.m in Sources */ = {isa = PBXBuildFile; fileRef = 11E01F5B1E9B0EE100A08AC9 /* RecipeCollectionViewController.m */; };
		11E01F611E9B768600A08AC9 /* IntoRecipeCollectionViewCell.xib in Resources */ = {isa = PBXBuildFile; fileRef = 11E01F601E9B768600A08AC9 /* IntoRecipeCollectionViewCell.xib */; };
		11E01F6B1E9C680A00A08AC9 /* IntoYunFMDBTool.m in Sources */ = {isa = PBXBuildFile; fileRef = 11E01F6A1E9C680A00A08AC9 /* IntoYunFMDBTool.m */; };
		11E01F791E9CFF7D00A08AC9 /* IntoDatapointBoolView.m in Sources */ = {isa = PBXBuildFile; fileRef = 11E01F781E9CFF7D00A08AC9 /* IntoDatapointBoolView.m */; };
		11E01F7C1E9E2D5E00A08AC9 /* IntoDatapointStringView.m in Sources */ = {isa = PBXBuildFile; fileRef = 11E01F7B1E9E2D5E00A08AC9 /* IntoDatapointStringView.m */; };
		11E01F7F1E9E65EA00A08AC9 /* IntoDatapointNumberView.m in Sources */ = {isa = PBXBuildFile; fileRef = 11E01F7E1E9E65EA00A08AC9 /* IntoDatapointNumberView.m */; };
		11E01F821E9E785100A08AC9 /* IntoDatapointEnumView.m in Sources */ = {isa = PBXBuildFile; fileRef = 11E01F811E9E785100A08AC9 /* IntoDatapointEnumView.m */; };
		11E01F851E9E865000A08AC9 /* IntoDatapointExtraView.m in Sources */ = {isa = PBXBuildFile; fileRef = 11E01F841E9E865000A08AC9 /* IntoDatapointExtraView.m */; };
		11E01F881E9F2AD900A08AC9 /* IntoImlinkGuideViewController.m in Sources */ = {isa = PBXBuildFile; fileRef = 11E01F871E9F2AD900A08AC9 /* IntoImlinkGuideViewController.m */; };
		11E01FAB1EA1F13C00A08AC9 /* BaseDatapointView.m in Sources */ = {isa = PBXBuildFile; fileRef = 11E01FAA1EA1F13C00A08AC9 /* BaseDatapointView.m */; };
		11E01FB51EA219F900A08AC9 /* UIScrollView+UITouch.m in Sources */ = {isa = PBXBuildFile; fileRef = 11E01FB41EA219F900A08AC9 /* UIScrollView+UITouch.m */; };
		11E01FD01EA23B9800A08AC9 /* QRCameraSwitchButton.m in Sources */ = {isa = PBXBuildFile; fileRef = 11E01FB81EA23B9800A08AC9 /* QRCameraSwitchButton.m */; };
		11E01FD11EA23B9800A08AC9 /* QRCodeReader.m in Sources */ = {isa = PBXBuildFile; fileRef = 11E01FBA1EA23B9800A08AC9 /* QRCodeReader.m */; };
		11E01FD21EA23B9800A08AC9 /* QRCodeReaderAanimationLineView.m in Sources */ = {isa = PBXBuildFile; fileRef = 11E01FBE1EA23B9800A08AC9 /* QRCodeReaderAanimationLineView.m */; };
		11E01FD31EA23B9800A08AC9 /* QRCodeReaderMaskView.m in Sources */ = {isa = PBXBuildFile; fileRef = 11E01FC01EA23B9800A08AC9 /* QRCodeReaderMaskView.m */; };
		11E01FD41EA23B9800A08AC9 /* QRCodeReaderView.m in Sources */ = {isa = PBXBuildFile; fileRef = 11E01FC21EA23B9800A08AC9 /* QRCodeReaderView.m */; };
		11E01FD51EA23B9800A08AC9 /* QRCodeReaderViewController.m in Sources */ = {isa = PBXBuildFile; fileRef = 11E01FC41EA23B9800A08AC9 /* QRCodeReaderViewController.m */; };
		11E01FD61EA23B9800A08AC9 /* QRCodeBottomLeft@2x.png in Resources */ = {isa = PBXBuildFile; fileRef = 11E01FC61EA23B9800A08AC9 /* QRCodeBottomLeft@2x.png */; };
		11E01FD71EA23B9800A08AC9 /* QRCodeBottomLeft@3x.png in Resources */ = {isa = PBXBuildFile; fileRef = 11E01FC71EA23B9800A08AC9 /* QRCodeBottomLeft@3x.png */; };
		11E01FD81EA23B9800A08AC9 /* QRCodeBottomRight@2x.png in Resources */ = {isa = PBXBuildFile; fileRef = 11E01FC81EA23B9800A08AC9 /* QRCodeBottomRight@2x.png */; };
		11E01FD91EA23B9800A08AC9 /* QRCodeBottomRight@3x.png in Resources */ = {isa = PBXBuildFile; fileRef = 11E01FC91EA23B9800A08AC9 /* QRCodeBottomRight@3x.png */; };
		11E01FDA1EA23B9800A08AC9 /* QRCodeLine@2x.png in Resources */ = {isa = PBXBuildFile; fileRef = 11E01FCA1EA23B9800A08AC9 /* QRCodeLine@2x.png */; };
		11E01FDB1EA23B9800A08AC9 /* QRCodeLine@3x.png in Resources */ = {isa = PBXBuildFile; fileRef = 11E01FCB1EA23B9800A08AC9 /* QRCodeLine@3x.png */; };
		11E01FDC1EA23B9800A08AC9 /* QRCodeTopLeft@2x.png in Resources */ = {isa = PBXBuildFile; fileRef = 11E01FCC1EA23B9800A08AC9 /* QRCodeTopLeft@2x.png */; };
		11E01FDD1EA23B9800A08AC9 /* QRCodeTopLeft@3x.png in Resources */ = {isa = PBXBuildFile; fileRef = 11E01FCD1EA23B9800A08AC9 /* QRCodeTopLeft@3x.png */; };
		11E01FDE1EA23B9800A08AC9 /* QRCodeTopRight@2x.png in Resources */ = {isa = PBXBuildFile; fileRef = 11E01FCE1EA23B9800A08AC9 /* QRCodeTopRight@2x.png */; };
		11E01FDF1EA23B9800A08AC9 /* QRCodeTopRight@3x.png in Resources */ = {isa = PBXBuildFile; fileRef = 11E01FCF1EA23B9800A08AC9 /* QRCodeTopRight@3x.png */; };
		11E63AE21EC6E7D6006004D7 /* DeviceList.storyboard in Resources */ = {isa = PBXBuildFile; fileRef = 11AE005E1E84D5C4003089B2 /* DeviceList.storyboard */; };
		11F0C6E61EA8460800C47295 /* IntoChangePasswordViewController.m in Sources */ = {isa = PBXBuildFile; fileRef = 11F0C6E51EA8460800C47295 /* IntoChangePasswordViewController.m */; };
		11F560B21E9632EA00ABF36A /* Localizable.strings in Resources */ = {isa = PBXBuildFile; fileRef = 11F560B41E9632EA00ABF36A /* Localizable.strings */; };
		11F560B91E96348A00ABF36A /* Main.storyboard in Resources */ = {isa = PBXBuildFile; fileRef = 11F560BB1E96348A00ABF36A /* Main.storyboard */; };
		5E90A161A444A5C00643094A /* IntoDeviceViewCell.xib in Resources */ = {isa = PBXBuildFile; fileRef = 5E90AE1898B78D63F60D7C3B /* IntoDeviceViewCell.xib */; };
		5E90A576783B338E065F3053 /* IntoDeviceViewCell.m in Sources */ = {isa = PBXBuildFile; fileRef = 5E90ADDF9CE88ACA6FDB82B4 /* IntoDeviceViewCell.m */; };
		8388C3BED11019E9877A83DD /* Pods_IntoYunSdkDemo.framework in Frameworks */ = {isa = PBXBuildFile; fileRef = DA968040C64797AF0F85CA4E /* Pods_IntoYunSdkDemo.framework */; };
/* End PBXBuildFile section */

/* Begin PBXContainerItemProxy section */
		11AE00021E84D487003089B2 /* PBXContainerItemProxy */ = {
			isa = PBXContainerItemProxy;
			containerPortal = 11AEFFE01E84D487003089B2 /* Project object */;
			proxyType = 1;
			remoteGlobalIDString = 11AEFFE71E84D487003089B2;
			remoteInfo = IntoYunSdkDemo;
		};
		11AE000D1E84D487003089B2 /* PBXContainerItemProxy */ = {
			isa = PBXContainerItemProxy;
			containerPortal = 11AEFFE01E84D487003089B2 /* Project object */;
			proxyType = 1;
			remoteGlobalIDString = 11AEFFE71E84D487003089B2;
			remoteInfo = IntoYunSdkDemo;
		};
/* End PBXContainerItemProxy section */

/* Begin PBXFileReference section */
		066802C0EB4D8DC62C4FEA18 /* Pods-IntoYunSdkDemo.debug.xcconfig */ = {isa = PBXFileReference; includeInIndex = 1; lastKnownFileType = text.xcconfig; name = "Pods-IntoYunSdkDemo.debug.xcconfig"; path = "Pods/Target Support Files/Pods-IntoYunSdkDemo/Pods-IntoYunSdkDemo.debug.xcconfig"; sourceTree = "<group>"; };
		113E4FE41ECAE67900C8F039 /* IntoYunSDK.framework */ = {isa = PBXFileReference; lastKnownFileType = wrapper.framework; path = IntoYunSDK.framework; sourceTree = "<group>"; };
		1166190C1ECD3E71003D6A1F /* HHTextFieldView.h */ = {isa = PBXFileReference; fileEncoding = 4; lastKnownFileType = sourcecode.c.h; name = HHTextFieldView.h; path = Vendors/views/HHTextFieldView.h; sourceTree = "<group>"; };
		1166190D1ECD3E71003D6A1F /* HHTextFieldView.m */ = {isa = PBXFileReference; fileEncoding = 4; lastKnownFileType = sourcecode.c.objc; name = HHTextFieldView.m; path = Vendors/views/HHTextFieldView.m; sourceTree = "<group>"; };
		1166190F1ECD3EC5003D6A1F /* HHBaseView.h */ = {isa = PBXFileReference; fileEncoding = 4; lastKnownFileType = sourcecode.c.h; name = HHBaseView.h; path = Vendors/views/HHBaseView.h; sourceTree = "<group>"; };
		116619101ECD3EC5003D6A1F /* HHBaseView.m */ = {isa = PBXFileReference; fileEncoding = 4; lastKnownFileType = sourcecode.c.objc; name = HHBaseView.m; path = Vendors/views/HHBaseView.m; sourceTree = "<group>"; };
		11708DC81E9764D1004F5469 /* HomeViewController.h */ = {isa = PBXFileReference; fileEncoding = 4; lastKnownFileType = sourcecode.c.h; path = HomeViewController.h; sourceTree = "<group>"; };
		11708DC91E9764D1004F5469 /* HomeViewController.m */ = {isa = PBXFileReference; fileEncoding = 4; lastKnownFileType = sourcecode.c.objc; path = HomeViewController.m; sourceTree = "<group>"; };
		11708DD01E97821A004F5469 /* IntoMessageTableViewController.h */ = {isa = PBXFileReference; fileEncoding = 4; lastKnownFileType = sourcecode.c.h; path = IntoMessageTableViewController.h; sourceTree = "<group>"; };
		11708DD11E97821A004F5469 /* IntoMessageTableViewController.m */ = {isa = PBXFileReference; fileEncoding = 4; lastKnownFileType = sourcecode.c.objc; path = IntoMessageTableViewController.m; sourceTree = "<group>"; };
		11708DD41E97C4CE004F5469 /* Macros.h */ = {isa = PBXFileReference; lastKnownFileType = sourcecode.c.h; path = Macros.h; sourceTree = "<group>"; };
		11708DD51E988182004F5469 /* IntoMessageCell.h */ = {isa = PBXFileReference; fileEncoding = 4; lastKnownFileType = sourcecode.c.h; path = IntoMessageCell.h; sourceTree = "<group>"; };
		11708DD61E988182004F5469 /* IntoMessageCell.m */ = {isa = PBXFileReference; fileEncoding = 4; lastKnownFileType = sourcecode.c.objc; path = IntoMessageCell.m; sourceTree = "<group>"; };
		11708DD81E9883EC004F5469 /* IntoMessageModel.h */ = {isa = PBXFileReference; fileEncoding = 4; lastKnownFileType = sourcecode.c.h; path = IntoMessageModel.h; sourceTree = "<group>"; };
		11708DD91E9883EC004F5469 /* IntoMessageModel.m */ = {isa = PBXFileReference; fileEncoding = 4; lastKnownFileType = sourcecode.c.objc; path = IntoMessageModel.m; sourceTree = "<group>"; };
		117E365A1EB323C700D4493D /* TriggerBoolView.h */ = {isa = PBXFileReference; fileEncoding = 4; lastKnownFileType = sourcecode.c.h; path = TriggerBoolView.h; sourceTree = "<group>"; };
		117E365B1EB323C700D4493D /* TriggerBoolView.m */ = {isa = PBXFileReference; fileEncoding = 4; lastKnownFileType = sourcecode.c.objc; path = TriggerBoolView.m; sourceTree = "<group>"; };
		117E365C1EB323C700D4493D /* TriggerEnumView.h */ = {isa = PBXFileReference; fileEncoding = 4; lastKnownFileType = sourcecode.c.h; path = TriggerEnumView.h; sourceTree = "<group>"; };
		117E365D1EB323C700D4493D /* TriggerEnumView.m */ = {isa = PBXFileReference; fileEncoding = 4; lastKnownFileType = sourcecode.c.objc; path = TriggerEnumView.m; sourceTree = "<group>"; };
		117E365E1EB323C700D4493D /* TriggerNumberView.h */ = {isa = PBXFileReference; fileEncoding = 4; lastKnownFileType = sourcecode.c.h; path = TriggerNumberView.h; sourceTree = "<group>"; };
		117E365F1EB323C700D4493D /* TriggerNumberView.m */ = {isa = PBXFileReference; fileEncoding = 4; lastKnownFileType = sourcecode.c.objc; path = TriggerNumberView.m; sourceTree = "<group>"; };
		117E36601EB323C700D4493D /* TriggerTimerView.h */ = {isa = PBXFileReference; fileEncoding = 4; lastKnownFileType = sourcecode.c.h; path = TriggerTimerView.h; sourceTree = "<group>"; };
		117E36611EB323C700D4493D /* TriggerTimerView.m */ = {isa = PBXFileReference; fileEncoding = 4; lastKnownFileType = sourcecode.c.objc; path = TriggerTimerView.m; sourceTree = "<group>"; };
		117E36661EB323E900D4493D /* IntoYunUtils.h */ = {isa = PBXFileReference; fileEncoding = 4; lastKnownFileType = sourcecode.c.h; path = IntoYunUtils.h; sourceTree = "<group>"; };
		117E36671EB323E900D4493D /* IntoYunUtils.m */ = {isa = PBXFileReference; fileEncoding = 4; lastKnownFileType = sourcecode.c.objc; path = IntoYunUtils.m; sourceTree = "<group>"; };
		117E36691EB3241500D4493D /* IntoSystemDatapoints.h */ = {isa = PBXFileReference; fileEncoding = 4; lastKnownFileType = sourcecode.c.h; path = IntoSystemDatapoints.h; sourceTree = "<group>"; };
		117E366A1EB3241500D4493D /* IntoSystemDatapoints.m */ = {isa = PBXFileReference; fileEncoding = 4; lastKnownFileType = sourcecode.c.objc; path = IntoSystemDatapoints.m; sourceTree = "<group>"; };
		117E366B1EB3241500D4493D /* IntoSystemDevice.h */ = {isa = PBXFileReference; fileEncoding = 4; lastKnownFileType = sourcecode.c.h; path = IntoSystemDevice.h; sourceTree = "<group>"; };
		117E366C1EB3241500D4493D /* IntoSystemDevice.m */ = {isa = PBXFileReference; fileEncoding = 4; lastKnownFileType = sourcecode.c.objc; path = IntoSystemDevice.m; sourceTree = "<group>"; };
		117E366F1EB3243800D4493D /* RecipeDetailViewController.h */ = {isa = PBXFileReference; fileEncoding = 4; lastKnownFileType = sourcecode.c.h; path = RecipeDetailViewController.h; sourceTree = "<group>"; };
		117E36701EB3243800D4493D /* RecipeDetailViewController.m */ = {isa = PBXFileReference; fileEncoding = 4; lastKnownFileType = sourcecode.c.objc; path = RecipeDetailViewController.m; sourceTree = "<group>"; };
		117E36711EB3243800D4493D /* RecipeSettingDelegate.h */ = {isa = PBXFileReference; fileEncoding = 4; lastKnownFileType = sourcecode.c.h; path = RecipeSettingDelegate.h; sourceTree = "<group>"; };
		117E36721EB3243800D4493D /* SelectActionViewController.h */ = {isa = PBXFileReference; fileEncoding = 4; lastKnownFileType = sourcecode.c.h; path = SelectActionViewController.h; sourceTree = "<group>"; };
		117E36731EB3243800D4493D /* SelectActionViewController.m */ = {isa = PBXFileReference; fileEncoding = 4; lastKnownFileType = sourcecode.c.objc; path = SelectActionViewController.m; sourceTree = "<group>"; };
		117E36741EB3243800D4493D /* SetActionViewController.h */ = {isa = PBXFileReference; fileEncoding = 4; lastKnownFileType = sourcecode.c.h; path = SetActionViewController.h; sourceTree = "<group>"; };
		117E36751EB3243800D4493D /* SetActionViewController.m */ = {isa = PBXFileReference; fileEncoding = 4; lastKnownFileType = sourcecode.c.objc; path = SetActionViewController.m; sourceTree = "<group>"; };
		117E36761EB3243800D4493D /* SetTriggerViewController.h */ = {isa = PBXFileReference; fileEncoding = 4; lastKnownFileType = sourcecode.c.h; path = SetTriggerViewController.h; sourceTree = "<group>"; };
		117E36771EB3243800D4493D /* SetTriggerViewController.m */ = {isa = PBXFileReference; fileEncoding = 4; lastKnownFileType = sourcecode.c.objc; path = SetTriggerViewController.m; sourceTree = "<group>"; };
		117E367C1EB3247900D4493D /* SystemDatapoints.plist */ = {isa = PBXFileReference; fileEncoding = 4; lastKnownFileType = text.plist.xml; path = SystemDatapoints.plist; sourceTree = "<group>"; };
		117E367D1EB3247900D4493D /* SystemDevice.plist */ = {isa = PBXFileReference; fileEncoding = 4; lastKnownFileType = text.plist.xml; path = SystemDevice.plist; sourceTree = "<group>"; };
		117E36801EB3256500D4493D /* SelectTriggerViewController.h */ = {isa = PBXFileReference; fileEncoding = 4; lastKnownFileType = sourcecode.c.h; path = SelectTriggerViewController.h; sourceTree = "<group>"; };
		117E36811EB3256500D4493D /* SelectTriggerViewController.m */ = {isa = PBXFileReference; fileEncoding = 4; lastKnownFileType = sourcecode.c.objc; path = SelectTriggerViewController.m; sourceTree = "<group>"; };
		117E36831EB325AA00D4493D /* IntoDatePicker.h */ = {isa = PBXFileReference; fileEncoding = 4; lastKnownFileType = sourcecode.c.h; path = IntoDatePicker.h; sourceTree = "<group>"; };
		117E36841EB325AA00D4493D /* IntoDatePicker.m */ = {isa = PBXFileReference; fileEncoding = 4; lastKnownFileType = sourcecode.c.objc; path = IntoDatePicker.m; sourceTree = "<group>"; };
		117E36861EB325F900D4493D /* DeviceCollectionViewCell.h */ = {isa = PBXFileReference; fileEncoding = 4; lastKnownFileType = sourcecode.c.h; path = DeviceCollectionViewCell.h; sourceTree = "<group>"; };
		117E36871EB325F900D4493D /* DeviceCollectionViewCell.m */ = {isa = PBXFileReference; fileEncoding = 4; lastKnownFileType = sourcecode.c.objc; path = DeviceCollectionViewCell.m; sourceTree = "<group>"; };
		117E36891EB3262100D4493D /* DeviceCollectionViewGridLayout.h */ = {isa = PBXFileReference; fileEncoding = 4; lastKnownFileType = sourcecode.c.h; path = DeviceCollectionViewGridLayout.h; sourceTree = "<group>"; };
		117E368A1EB3262100D4493D /* DeviceCollectionViewGridLayout.m */ = {isa = PBXFileReference; fileEncoding = 4; lastKnownFileType = sourcecode.c.objc; path = DeviceCollectionViewGridLayout.m; sourceTree = "<group>"; };
		117E368C1EB3263600D4493D /* IntoRecipeCollectionViewCell.h */ = {isa = PBXFileReference; fileEncoding = 4; lastKnownFileType = sourcecode.c.h; path = IntoRecipeCollectionViewCell.h; sourceTree = "<group>"; };
		117E368D1EB3263600D4493D /* IntoRecipeCollectionViewCell.m */ = {isa = PBXFileReference; fileEncoding = 4; lastKnownFileType = sourcecode.c.objc; path = IntoRecipeCollectionViewCell.m; sourceTree = "<group>"; };
		117E368F1EB3265B00D4493D /* DataPointTableViewCell.h */ = {isa = PBXFileReference; fileEncoding = 4; lastKnownFileType = sourcecode.c.h; path = DataPointTableViewCell.h; sourceTree = "<group>"; };
		117E36901EB3265B00D4493D /* DataPointTableViewCell.m */ = {isa = PBXFileReference; fileEncoding = 4; lastKnownFileType = sourcecode.c.objc; path = DataPointTableViewCell.m; sourceTree = "<group>"; };
		117E36EC1EB334C900D4493D /* ActionBoolView.h */ = {isa = PBXFileReference; fileEncoding = 4; lastKnownFileType = sourcecode.c.h; path = ActionBoolView.h; sourceTree = "<group>"; };
		117E36ED1EB334C900D4493D /* ActionBoolView.m */ = {isa = PBXFileReference; fileEncoding = 4; lastKnownFileType = sourcecode.c.objc; path = ActionBoolView.m; sourceTree = "<group>"; };
		117E36EF1EB34ED300D4493D /* ActionNumberView.h */ = {isa = PBXFileReference; fileEncoding = 4; lastKnownFileType = sourcecode.c.h; path = ActionNumberView.h; sourceTree = "<group>"; };
		117E36F01EB34ED300D4493D /* ActionNumberView.m */ = {isa = PBXFileReference; fileEncoding = 4; lastKnownFileType = sourcecode.c.objc; path = ActionNumberView.m; sourceTree = "<group>"; };
		117E36F21EB34EEA00D4493D /* ActionEnumView.h */ = {isa = PBXFileReference; fileEncoding = 4; lastKnownFileType = sourcecode.c.h; path = ActionEnumView.h; sourceTree = "<group>"; };
		117E36F31EB34EEA00D4493D /* ActionEnumView.m */ = {isa = PBXFileReference; fileEncoding = 4; lastKnownFileType = sourcecode.c.objc; path = ActionEnumView.m; sourceTree = "<group>"; };
		117E36F51EB34EFE00D4493D /* ActionStringView.h */ = {isa = PBXFileReference; fileEncoding = 4; lastKnownFileType = sourcecode.c.h; path = ActionStringView.h; sourceTree = "<group>"; };
		117E36F61EB34EFE00D4493D /* ActionStringView.m */ = {isa = PBXFileReference; fileEncoding = 4; lastKnownFileType = sourcecode.c.objc; path = ActionStringView.m; sourceTree = "<group>"; };
		117E36F81EB34F3C00D4493D /* ActionEmailView.h */ = {isa = PBXFileReference; fileEncoding = 4; lastKnownFileType = sourcecode.c.h; path = ActionEmailView.h; sourceTree = "<group>"; };
		117E36F91EB34F3C00D4493D /* ActionEmailView.m */ = {isa = PBXFileReference; fileEncoding = 4; lastKnownFileType = sourcecode.c.objc; path = ActionEmailView.m; sourceTree = "<group>"; };
		11AE00011E84D487003089B2 /* IntoYunSdkDemoTests.xctest */ = {isa = PBXFileReference; explicitFileType = wrapper.cfbundle; includeInIndex = 0; path = IntoYunSdkDemoTests.xctest; sourceTree = BUILT_PRODUCTS_DIR; };
		11AE00051E84D487003089B2 /* IntoYunSdkDemoTests.m */ = {isa = PBXFileReference; lastKnownFileType = sourcecode.c.objc; path = IntoYunSdkDemoTests.m; sourceTree = "<group>"; };
		11AE00071E84D487003089B2 /* Info.plist */ = {isa = PBXFileReference; lastKnownFileType = text.plist.xml; path = Info.plist; sourceTree = "<group>"; };
		11AE000C1E84D487003089B2 /* IntoYunSdkDemoUITests.xctest */ = {isa = PBXFileReference; explicitFileType = wrapper.cfbundle; includeInIndex = 0; path = IntoYunSdkDemoUITests.xctest; sourceTree = BUILT_PRODUCTS_DIR; };
		11AE00101E84D487003089B2 /* IntoYunSdkDemoUITests.m */ = {isa = PBXFileReference; lastKnownFileType = sourcecode.c.objc; path = IntoYunSdkDemoUITests.m; sourceTree = "<group>"; };
		11AE00121E84D487003089B2 /* Info.plist */ = {isa = PBXFileReference; lastKnownFileType = text.plist.xml; path = Info.plist; sourceTree = "<group>"; };
		11AE005E1E84D5C4003089B2 /* DeviceList.storyboard */ = {isa = PBXFileReference; fileEncoding = 4; lastKnownFileType = file.storyboard; path = DeviceList.storyboard; sourceTree = "<group>"; };
		11AE005F1E84D5C4003089B2 /* IntoControlDeviceViewController.h */ = {isa = PBXFileReference; fileEncoding = 4; lastKnownFileType = sourcecode.c.h; path = IntoControlDeviceViewController.h; sourceTree = "<group>"; };
		11AE00601E84D5C4003089B2 /* IntoControlDeviceViewController.m */ = {isa = PBXFileReference; fileEncoding = 4; lastKnownFileType = sourcecode.c.objc; path = IntoControlDeviceViewController.m; sourceTree = "<group>"; };
		11AE00611E84D5C4003089B2 /* IntoImlinkConfigViewController.h */ = {isa = PBXFileReference; fileEncoding = 4; lastKnownFileType = sourcecode.c.h; path = IntoImlinkConfigViewController.h; sourceTree = "<group>"; };
		11AE00621E84D5C4003089B2 /* IntoImlinkConfigViewController.m */ = {isa = PBXFileReference; fileEncoding = 4; lastKnownFileType = sourcecode.c.objc; path = IntoImlinkConfigViewController.m; sourceTree = "<group>"; };
		11AE00631E84D5C4003089B2 /* IntoCreateDeviceViewController.xib */ = {isa = PBXFileReference; fileEncoding = 4; lastKnownFileType = file.xib; path = IntoCreateDeviceViewController.xib; sourceTree = "<group>"; };
		11AE00641E84D5C4003089B2 /* IntoDeviceInfoViewController.h */ = {isa = PBXFileReference; fileEncoding = 4; lastKnownFileType = sourcecode.c.h; path = IntoDeviceInfoViewController.h; sourceTree = "<group>"; };
		11AE00651E84D5C4003089B2 /* IntoDeviceInfoViewController.m */ = {isa = PBXFileReference; fileEncoding = 4; lastKnownFileType = sourcecode.c.objc; path = IntoDeviceInfoViewController.m; sourceTree = "<group>"; };
		11AE006A1E84D5C4003089B2 /* IntoDeviceViewController.h */ = {isa = PBXFileReference; fileEncoding = 4; lastKnownFileType = sourcecode.c.h; path = IntoDeviceViewController.h; sourceTree = "<group>"; };
		11AE006B1E84D5C4003089B2 /* IntoDeviceViewController.m */ = {isa = PBXFileReference; fileEncoding = 4; lastKnownFileType = sourcecode.c.objc; path = IntoDeviceViewController.m; sourceTree = "<group>"; };
		11AE006E1E84D5C4003089B2 /* DTKDropdownMenuView.bundle */ = {isa = PBXFileReference; lastKnownFileType = "wrapper.plug-in"; path = DTKDropdownMenuView.bundle; sourceTree = "<group>"; };
		11AE006F1E84D5C4003089B2 /* DTKDropdownMenuView.h */ = {isa = PBXFileReference; fileEncoding = 4; lastKnownFileType = sourcecode.c.h; path = DTKDropdownMenuView.h; sourceTree = "<group>"; };
		11AE00701E84D5C4003089B2 /* DTKDropdownMenuView.m */ = {isa = PBXFileReference; fileEncoding = 4; lastKnownFileType = sourcecode.c.objc; path = DTKDropdownMenuView.m; sourceTree = "<group>"; };
		11AE008C1E84D5C4003089B2 /* MBProgressHUD+IntoYun.h */ = {isa = PBXFileReference; fileEncoding = 4; lastKnownFileType = sourcecode.c.h; path = "MBProgressHUD+IntoYun.h"; sourceTree = "<group>"; };
		11AE008D1E84D5C4003089B2 /* MBProgressHUD+IntoYun.m */ = {isa = PBXFileReference; fileEncoding = 4; lastKnownFileType = sourcecode.c.objc; path = "MBProgressHUD+IntoYun.m"; sourceTree = "<group>"; };
		11AE008E1E84D5C4003089B2 /* MBProgressHUD.bundle */ = {isa = PBXFileReference; lastKnownFileType = "wrapper.plug-in"; path = MBProgressHUD.bundle; sourceTree = "<group>"; };
		11AE008F1E84D5C4003089B2 /* MBProgressHUD.h */ = {isa = PBXFileReference; fileEncoding = 4; lastKnownFileType = sourcecode.c.h; path = MBProgressHUD.h; sourceTree = "<group>"; };
		11AE00901E84D5C4003089B2 /* MBProgressHUD.m */ = {isa = PBXFileReference; fileEncoding = 4; lastKnownFileType = sourcecode.c.objc; path = MBProgressHUD.m; sourceTree = "<group>"; };
		11AE00A81E84D5C4003089B2 /* IntoPersionViewController.h */ = {isa = PBXFileReference; fileEncoding = 4; lastKnownFileType = sourcecode.c.h; path = IntoPersionViewController.h; sourceTree = "<group>"; };
		11AE00A91E84D5C4003089B2 /* IntoPersionViewController.m */ = {isa = PBXFileReference; fileEncoding = 4; lastKnownFileType = sourcecode.c.objc; path = IntoPersionViewController.m; sourceTree = "<group>"; };
		11AE00AA1E84D5C4003089B2 /* IntoRegisterViewController.h */ = {isa = PBXFileReference; fileEncoding = 4; lastKnownFileType = sourcecode.c.h; path = IntoRegisterViewController.h; sourceTree = "<group>"; };
		11AE00AB1E84D5C4003089B2 /* IntoRegisterViewController.m */ = {isa = PBXFileReference; fileEncoding = 4; lastKnownFileType = sourcecode.c.objc; path = IntoRegisterViewController.m; sourceTree = "<group>"; };
		11AE00AC1E84D5C4003089B2 /* IntoResetPWViewController.h */ = {isa = PBXFileReference; fileEncoding = 4; lastKnownFileType = sourcecode.c.h; path = IntoResetPWViewController.h; sourceTree = "<group>"; };
		11AE00AD1E84D5C4003089B2 /* IntoResetPWViewController.m */ = {isa = PBXFileReference; fileEncoding = 4; lastKnownFileType = sourcecode.c.objc; path = IntoResetPWViewController.m; sourceTree = "<group>"; };
		11AE00AF1E84D5C4003089B2 /* ResetPW.storyboard */ = {isa = PBXFileReference; fileEncoding = 4; lastKnownFileType = file.storyboard; path = ResetPW.storyboard; sourceTree = "<group>"; };
		11AE00B01E84D5C4003089B2 /* Rigister.storyboard */ = {isa = PBXFileReference; fileEncoding = 4; lastKnownFileType = file.storyboard; path = Rigister.storyboard; sourceTree = "<group>"; };
		11AE00B11E84D5C4003089B2 /* IntoLoginViewController.h */ = {isa = PBXFileReference; fileEncoding = 4; lastKnownFileType = sourcecode.c.h; path = IntoLoginViewController.h; sourceTree = "<group>"; };
		11AE00B21E84D5C4003089B2 /* IntoLoginViewController.m */ = {isa = PBXFileReference; fileEncoding = 4; lastKnownFileType = sourcecode.c.objc; path = IntoLoginViewController.m; sourceTree = "<group>"; };
		11AEFFE81E84D487003089B2 /* IntoYunSdkDemo.app */ = {isa = PBXFileReference; explicitFileType = wrapper.application; includeInIndex = 0; path = IntoYunSdkDemo.app; sourceTree = BUILT_PRODUCTS_DIR; };
		11AEFFEC1E84D487003089B2 /* main.m */ = {isa = PBXFileReference; lastKnownFileType = sourcecode.c.objc; path = main.m; sourceTree = "<group>"; };
		11AEFFEE1E84D487003089B2 /* AppDelegate.h */ = {isa = PBXFileReference; lastKnownFileType = sourcecode.c.h; path = AppDelegate.h; sourceTree = "<group>"; };
		11AEFFEF1E84D487003089B2 /* AppDelegate.m */ = {isa = PBXFileReference; lastKnownFileType = sourcecode.c.objc; path = AppDelegate.m; sourceTree = "<group>"; };
		11AEFFF71E84D487003089B2 /* Assets.xcassets */ = {isa = PBXFileReference; lastKnownFileType = folder.assetcatalog; path = Assets.xcassets; sourceTree = "<group>"; };
		11AEFFFC1E84D487003089B2 /* Info.plist */ = {isa = PBXFileReference; lastKnownFileType = text.plist.xml; path = Info.plist; sourceTree = "<group>"; };
		11E01F5A1E9B0EE100A08AC9 /* RecipeCollectionViewController.h */ = {isa = PBXFileReference; fileEncoding = 4; lastKnownFileType = sourcecode.c.h; path = RecipeCollectionViewController.h; sourceTree = "<group>"; };
		11E01F5B1E9B0EE100A08AC9 /* RecipeCollectionViewController.m */ = {isa = PBXFileReference; fileEncoding = 4; lastKnownFileType = sourcecode.c.objc; path = RecipeCollectionViewController.m; sourceTree = "<group>"; };
		11E01F601E9B768600A08AC9 /* IntoRecipeCollectionViewCell.xib */ = {isa = PBXFileReference; fileEncoding = 4; lastKnownFileType = file.xib; path = IntoRecipeCollectionViewCell.xib; sourceTree = "<group>"; };
		11E01F691E9C680A00A08AC9 /* IntoYunFMDBTool.h */ = {isa = PBXFileReference; fileEncoding = 4; lastKnownFileType = sourcecode.c.h; path = IntoYunFMDBTool.h; sourceTree = "<group>"; };
		11E01F6A1E9C680A00A08AC9 /* IntoYunFMDBTool.m */ = {isa = PBXFileReference; fileEncoding = 4; lastKnownFileType = sourcecode.c.objc; path = IntoYunFMDBTool.m; sourceTree = "<group>"; };
		11E01F771E9CFF7D00A08AC9 /* IntoDatapointBoolView.h */ = {isa = PBXFileReference; fileEncoding = 4; lastKnownFileType = sourcecode.c.h; path = IntoDatapointBoolView.h; sourceTree = "<group>"; };
		11E01F781E9CFF7D00A08AC9 /* IntoDatapointBoolView.m */ = {isa = PBXFileReference; fileEncoding = 4; lastKnownFileType = sourcecode.c.objc; path = IntoDatapointBoolView.m; sourceTree = "<group>"; };
		11E01F7A1E9E2D5E00A08AC9 /* IntoDatapointStringView.h */ = {isa = PBXFileReference; fileEncoding = 4; lastKnownFileType = sourcecode.c.h; path = IntoDatapointStringView.h; sourceTree = "<group>"; };
		11E01F7B1E9E2D5E00A08AC9 /* IntoDatapointStringView.m */ = {isa = PBXFileReference; fileEncoding = 4; lastKnownFileType = sourcecode.c.objc; path = IntoDatapointStringView.m; sourceTree = "<group>"; };
		11E01F7D1E9E65EA00A08AC9 /* IntoDatapointNumberView.h */ = {isa = PBXFileReference; fileEncoding = 4; lastKnownFileType = sourcecode.c.h; path = IntoDatapointNumberView.h; sourceTree = "<group>"; };
		11E01F7E1E9E65EA00A08AC9 /* IntoDatapointNumberView.m */ = {isa = PBXFileReference; fileEncoding = 4; lastKnownFileType = sourcecode.c.objc; path = IntoDatapointNumberView.m; sourceTree = "<group>"; };
		11E01F801E9E785100A08AC9 /* IntoDatapointEnumView.h */ = {isa = PBXFileReference; fileEncoding = 4; lastKnownFileType = sourcecode.c.h; path = IntoDatapointEnumView.h; sourceTree = "<group>"; };
		11E01F811E9E785100A08AC9 /* IntoDatapointEnumView.m */ = {isa = PBXFileReference; fileEncoding = 4; lastKnownFileType = sourcecode.c.objc; path = IntoDatapointEnumView.m; sourceTree = "<group>"; };
		11E01F831E9E865000A08AC9 /* IntoDatapointExtraView.h */ = {isa = PBXFileReference; fileEncoding = 4; lastKnownFileType = sourcecode.c.h; path = IntoDatapointExtraView.h; sourceTree = "<group>"; };
		11E01F841E9E865000A08AC9 /* IntoDatapointExtraView.m */ = {isa = PBXFileReference; fileEncoding = 4; lastKnownFileType = sourcecode.c.objc; path = IntoDatapointExtraView.m; sourceTree = "<group>"; };
		11E01F861E9F2AD900A08AC9 /* IntoImlinkGuideViewController.h */ = {isa = PBXFileReference; fileEncoding = 4; lastKnownFileType = sourcecode.c.h; path = IntoImlinkGuideViewController.h; sourceTree = "<group>"; };
		11E01F871E9F2AD900A08AC9 /* IntoImlinkGuideViewController.m */ = {isa = PBXFileReference; fileEncoding = 4; lastKnownFileType = sourcecode.c.objc; path = IntoImlinkGuideViewController.m; sourceTree = "<group>"; };
		11E01FA91EA1F13C00A08AC9 /* BaseDatapointView.h */ = {isa = PBXFileReference; fileEncoding = 4; lastKnownFileType = sourcecode.c.h; path = BaseDatapointView.h; sourceTree = "<group>"; };
		11E01FAA1EA1F13C00A08AC9 /* BaseDatapointView.m */ = {isa = PBXFileReference; fileEncoding = 4; lastKnownFileType = sourcecode.c.objc; path = BaseDatapointView.m; sourceTree = "<group>"; };
		11E01FB31EA219F900A08AC9 /* UIScrollView+UITouch.h */ = {isa = PBXFileReference; fileEncoding = 4; lastKnownFileType = sourcecode.c.h; path = "UIScrollView+UITouch.h"; sourceTree = "<group>"; };
		11E01FB41EA219F900A08AC9 /* UIScrollView+UITouch.m */ = {isa = PBXFileReference; fileEncoding = 4; lastKnownFileType = sourcecode.c.objc; path = "UIScrollView+UITouch.m"; sourceTree = "<group>"; };
		11E01FB71EA23B9800A08AC9 /* QRCameraSwitchButton.h */ = {isa = PBXFileReference; fileEncoding = 4; lastKnownFileType = sourcecode.c.h; path = QRCameraSwitchButton.h; sourceTree = "<group>"; };
		11E01FB81EA23B9800A08AC9 /* QRCameraSwitchButton.m */ = {isa = PBXFileReference; fileEncoding = 4; lastKnownFileType = sourcecode.c.objc; path = QRCameraSwitchButton.m; sourceTree = "<group>"; };
		11E01FB91EA23B9800A08AC9 /* QRCodeReader.h */ = {isa = PBXFileReference; fileEncoding = 4; lastKnownFileType = sourcecode.c.h; path = QRCodeReader.h; sourceTree = "<group>"; };
		11E01FBA1EA23B9800A08AC9 /* QRCodeReader.m */ = {isa = PBXFileReference; fileEncoding = 4; lastKnownFileType = sourcecode.c.objc; path = QRCodeReader.m; sourceTree = "<group>"; };
		11E01FBB1EA23B9800A08AC9 /* QRCodeReaderDelegate.h */ = {isa = PBXFileReference; fileEncoding = 4; lastKnownFileType = sourcecode.c.h; path = QRCodeReaderDelegate.h; sourceTree = "<group>"; };
		11E01FBD1EA23B9800A08AC9 /* QRCodeReaderAanimationLineView.h */ = {isa = PBXFileReference; fileEncoding = 4; lastKnownFileType = sourcecode.c.h; path = QRCodeReaderAanimationLineView.h; sourceTree = "<group>"; };
		11E01FBE1EA23B9800A08AC9 /* QRCodeReaderAanimationLineView.m */ = {isa = PBXFileReference; fileEncoding = 4; lastKnownFileType = sourcecode.c.objc; path = QRCodeReaderAanimationLineView.m; sourceTree = "<group>"; };
		11E01FBF1EA23B9800A08AC9 /* QRCodeReaderMaskView.h */ = {isa = PBXFileReference; fileEncoding = 4; lastKnownFileType = sourcecode.c.h; path = QRCodeReaderMaskView.h; sourceTree = "<group>"; };
		11E01FC01EA23B9800A08AC9 /* QRCodeReaderMaskView.m */ = {isa = PBXFileReference; fileEncoding = 4; lastKnownFileType = sourcecode.c.objc; path = QRCodeReaderMaskView.m; sourceTree = "<group>"; };
		11E01FC11EA23B9800A08AC9 /* QRCodeReaderView.h */ = {isa = PBXFileReference; fileEncoding = 4; lastKnownFileType = sourcecode.c.h; path = QRCodeReaderView.h; sourceTree = "<group>"; };
		11E01FC21EA23B9800A08AC9 /* QRCodeReaderView.m */ = {isa = PBXFileReference; fileEncoding = 4; lastKnownFileType = sourcecode.c.objc; path = QRCodeReaderView.m; sourceTree = "<group>"; };
		11E01FC31EA23B9800A08AC9 /* QRCodeReaderViewController.h */ = {isa = PBXFileReference; fileEncoding = 4; lastKnownFileType = sourcecode.c.h; path = QRCodeReaderViewController.h; sourceTree = "<group>"; };
		11E01FC41EA23B9800A08AC9 /* QRCodeReaderViewController.m */ = {isa = PBXFileReference; fileEncoding = 4; lastKnownFileType = sourcecode.c.objc; path = QRCodeReaderViewController.m; sourceTree = "<group>"; };
		11E01FC61EA23B9800A08AC9 /* QRCodeBottomLeft@2x.png */ = {isa = PBXFileReference; lastKnownFileType = image.png; path = "QRCodeBottomLeft@2x.png"; sourceTree = "<group>"; };
		11E01FC71EA23B9800A08AC9 /* QRCodeBottomLeft@3x.png */ = {isa = PBXFileReference; lastKnownFileType = image.png; path = "QRCodeBottomLeft@3x.png"; sourceTree = "<group>"; };
		11E01FC81EA23B9800A08AC9 /* QRCodeBottomRight@2x.png */ = {isa = PBXFileReference; lastKnownFileType = image.png; path = "QRCodeBottomRight@2x.png"; sourceTree = "<group>"; };
		11E01FC91EA23B9800A08AC9 /* QRCodeBottomRight@3x.png */ = {isa = PBXFileReference; lastKnownFileType = image.png; path = "QRCodeBottomRight@3x.png"; sourceTree = "<group>"; };
		11E01FCA1EA23B9800A08AC9 /* QRCodeLine@2x.png */ = {isa = PBXFileReference; lastKnownFileType = image.png; path = "QRCodeLine@2x.png"; sourceTree = "<group>"; };
		11E01FCB1EA23B9800A08AC9 /* QRCodeLine@3x.png */ = {isa = PBXFileReference; lastKnownFileType = image.png; path = "QRCodeLine@3x.png"; sourceTree = "<group>"; };
		11E01FCC1EA23B9800A08AC9 /* QRCodeTopLeft@2x.png */ = {isa = PBXFileReference; lastKnownFileType = image.png; path = "QRCodeTopLeft@2x.png"; sourceTree = "<group>"; };
		11E01FCD1EA23B9800A08AC9 /* QRCodeTopLeft@3x.png */ = {isa = PBXFileReference; lastKnownFileType = image.png; path = "QRCodeTopLeft@3x.png"; sourceTree = "<group>"; };
		11E01FCE1EA23B9800A08AC9 /* QRCodeTopRight@2x.png */ = {isa = PBXFileReference; lastKnownFileType = image.png; path = "QRCodeTopRight@2x.png"; sourceTree = "<group>"; };
		11E01FCF1EA23B9800A08AC9 /* QRCodeTopRight@3x.png */ = {isa = PBXFileReference; lastKnownFileType = image.png; path = "QRCodeTopRight@3x.png"; sourceTree = "<group>"; };
		11F0C6E41EA8460800C47295 /* IntoChangePasswordViewController.h */ = {isa = PBXFileReference; fileEncoding = 4; lastKnownFileType = sourcecode.c.h; path = IntoChangePasswordViewController.h; sourceTree = "<group>"; };
		11F0C6E51EA8460800C47295 /* IntoChangePasswordViewController.m */ = {isa = PBXFileReference; fileEncoding = 4; lastKnownFileType = sourcecode.c.objc; path = IntoChangePasswordViewController.m; sourceTree = "<group>"; };
		11F560B71E96333600ABF36A /* zh-Hans */ = {isa = PBXFileReference; lastKnownFileType = text.plist.strings; name = "zh-Hans"; path = "zh-Hans.lproj/Localizable.strings"; sourceTree = "<group>"; };
		11F560B81E96335C00ABF36A /* en */ = {isa = PBXFileReference; lastKnownFileType = text.plist.strings; name = en; path = en.lproj/Localizable.strings; sourceTree = "<group>"; };
		11F560BA1E96348A00ABF36A /* Base */ = {isa = PBXFileReference; lastKnownFileType = file.storyboard; name = Base; path = Base.lproj/Main.storyboard; sourceTree = "<group>"; };
		5E90ADAB66A647F92401F5EE /* IntoDeviceViewCell.h */ = {isa = PBXFileReference; fileEncoding = 4; lastKnownFileType = sourcecode.c.h; path = IntoDeviceViewCell.h; sourceTree = "<group>"; };
		5E90ADDF9CE88ACA6FDB82B4 /* IntoDeviceViewCell.m */ = {isa = PBXFileReference; fileEncoding = 4; lastKnownFileType = sourcecode.c.objc; path = IntoDeviceViewCell.m; sourceTree = "<group>"; };
		5E90AE1898B78D63F60D7C3B /* IntoDeviceViewCell.xib */ = {isa = PBXFileReference; lastKnownFileType = file.xib; path = IntoDeviceViewCell.xib; sourceTree = "<group>"; };
		5E90AEDE66922E9AD607487E /* SendDataDelegate.h */ = {isa = PBXFileReference; fileEncoding = 4; lastKnownFileType = sourcecode.c.h; path = SendDataDelegate.h; sourceTree = "<group>"; };
		C278FE5BB577B382EA1591FA /* Pods-IntoYunSdkDemo.release.xcconfig */ = {isa = PBXFileReference; includeInIndex = 1; lastKnownFileType = text.xcconfig; name = "Pods-IntoYunSdkDemo.release.xcconfig"; path = "Pods/Target Support Files/Pods-IntoYunSdkDemo/Pods-IntoYunSdkDemo.release.xcconfig"; sourceTree = "<group>"; };
		DA968040C64797AF0F85CA4E /* Pods_IntoYunSdkDemo.framework */ = {isa = PBXFileReference; explicitFileType = wrapper.framework; includeInIndex = 0; path = Pods_IntoYunSdkDemo.framework; sourceTree = BUILT_PRODUCTS_DIR; };
/* End PBXFileReference section */

/* Begin PBXFrameworksBuildPhase section */
		11AE00091E84D487003089B2 /* Frameworks */ = {
			isa = PBXFrameworksBuildPhase;
			buildActionMask = 2147483647;
			files = (
			);
			runOnlyForDeploymentPostprocessing = 0;
		};
		11AEFFE51E84D487003089B2 /* Frameworks */ = {
			isa = PBXFrameworksBuildPhase;
			buildActionMask = 2147483647;
			files = (
				8388C3BED11019E9877A83DD /* Pods_IntoYunSdkDemo.framework in Frameworks */,
			);
			runOnlyForDeploymentPostprocessing = 0;
		};
		11AEFFFE1E84D487003089B2 /* Frameworks */ = {
			isa = PBXFrameworksBuildPhase;
			buildActionMask = 2147483647;
			files = (
			);
			runOnlyForDeploymentPostprocessing = 0;
		};
/* End PBXFrameworksBuildPhase section */

/* Begin PBXGroup section */
		116619071ECD3C14003D6A1F /* Vendors */ = {
			isa = PBXGroup;
			children = (
				116619081ECD3C29003D6A1F /* Views */,
			);
			name = Vendors;
			sourceTree = "<group>";
		};
		116619081ECD3C29003D6A1F /* Views */ = {
			isa = PBXGroup;
			children = (
				1166190C1ECD3E71003D6A1F /* HHTextFieldView.h */,
				1166190D1ECD3E71003D6A1F /* HHTextFieldView.m */,
				1166190F1ECD3EC5003D6A1F /* HHBaseView.h */,
				116619101ECD3EC5003D6A1F /* HHBaseView.m */,
			);
			name = Views;
			sourceTree = "<group>";
		};
		11708DCB1E978198004F5469 /* recipe */ = {
			isa = PBXGroup;
			children = (
				117E36591EB3239800D4493D /* view */,
				11E01F5A1E9B0EE100A08AC9 /* RecipeCollectionViewController.h */,
				11E01F5B1E9B0EE100A08AC9 /* RecipeCollectionViewController.m */,
				11E01F601E9B768600A08AC9 /* IntoRecipeCollectionViewCell.xib */,
				117E366F1EB3243800D4493D /* RecipeDetailViewController.h */,
				117E36701EB3243800D4493D /* RecipeDetailViewController.m */,
				117E36711EB3243800D4493D /* RecipeSettingDelegate.h */,
				117E36721EB3243800D4493D /* SelectActionViewController.h */,
				117E36731EB3243800D4493D /* SelectActionViewController.m */,
				117E36801EB3256500D4493D /* SelectTriggerViewController.h */,
				117E36811EB3256500D4493D /* SelectTriggerViewController.m */,
				117E36741EB3243800D4493D /* SetActionViewController.h */,
				117E36751EB3243800D4493D /* SetActionViewController.m */,
				117E36761EB3243800D4493D /* SetTriggerViewController.h */,
				117E36771EB3243800D4493D /* SetTriggerViewController.m */,
			);
			name = recipe;
			sourceTree = "<group>";
		};
		11708DCC1E9781A9004F5469 /* message */ = {
			isa = PBXGroup;
			children = (
				11708DD01E97821A004F5469 /* IntoMessageTableViewController.h */,
				11708DD11E97821A004F5469 /* IntoMessageTableViewController.m */,
				11708DD51E988182004F5469 /* IntoMessageCell.h */,
				11708DD61E988182004F5469 /* IntoMessageCell.m */,
				11708DD81E9883EC004F5469 /* IntoMessageModel.h */,
				11708DD91E9883EC004F5469 /* IntoMessageModel.m */,
			);
			name = message;
			sourceTree = "<group>";
		};
		11708DD31E97C4A9004F5469 /* expand */ = {
			isa = PBXGroup;
			children = (
				11708DD41E97C4CE004F5469 /* Macros.h */,
			);
			name = expand;
			sourceTree = "<group>";
		};
		117E36591EB3239800D4493D /* view */ = {
			isa = PBXGroup;
			children = (
				117E368F1EB3265B00D4493D /* DataPointTableViewCell.h */,
				117E36901EB3265B00D4493D /* DataPointTableViewCell.m */,
				117E368C1EB3263600D4493D /* IntoRecipeCollectionViewCell.h */,
				117E368D1EB3263600D4493D /* IntoRecipeCollectionViewCell.m */,
				117E36891EB3262100D4493D /* DeviceCollectionViewGridLayout.h */,
				117E368A1EB3262100D4493D /* DeviceCollectionViewGridLayout.m */,
				117E36861EB325F900D4493D /* DeviceCollectionViewCell.h */,
				117E36871EB325F900D4493D /* DeviceCollectionViewCell.m */,
				117E36831EB325AA00D4493D /* IntoDatePicker.h */,
				117E36841EB325AA00D4493D /* IntoDatePicker.m */,
				117E365A1EB323C700D4493D /* TriggerBoolView.h */,
				117E365B1EB323C700D4493D /* TriggerBoolView.m */,
				117E365C1EB323C700D4493D /* TriggerEnumView.h */,
				117E365D1EB323C700D4493D /* TriggerEnumView.m */,
				117E365E1EB323C700D4493D /* TriggerNumberView.h */,
				117E365F1EB323C700D4493D /* TriggerNumberView.m */,
				117E36601EB323C700D4493D /* TriggerTimerView.h */,
				117E36611EB323C700D4493D /* TriggerTimerView.m */,
				117E36EC1EB334C900D4493D /* ActionBoolView.h */,
				117E36ED1EB334C900D4493D /* ActionBoolView.m */,
				117E36EF1EB34ED300D4493D /* ActionNumberView.h */,
				117E36F01EB34ED300D4493D /* ActionNumberView.m */,
				117E36F21EB34EEA00D4493D /* ActionEnumView.h */,
				117E36F31EB34EEA00D4493D /* ActionEnumView.m */,
				117E36F51EB34EFE00D4493D /* ActionStringView.h */,
				117E36F61EB34EFE00D4493D /* ActionStringView.m */,
				117E36F81EB34F3C00D4493D /* ActionEmailView.h */,
				117E36F91EB34F3C00D4493D /* ActionEmailView.m */,
			);
			name = view;
			sourceTree = "<group>";
		};
		11AE00041E84D487003089B2 /* IntoYunSdkDemoTests */ = {
			isa = PBXGroup;
			children = (
				11AE00051E84D487003089B2 /* IntoYunSdkDemoTests.m */,
				11AE00071E84D487003089B2 /* Info.plist */,
			);
			path = IntoYunSdkDemoTests;
			sourceTree = "<group>";
		};
		11AE000F1E84D487003089B2 /* IntoYunSdkDemoUITests */ = {
			isa = PBXGroup;
			children = (
				11AE00101E84D487003089B2 /* IntoYunSdkDemoUITests.m */,
				11AE00121E84D487003089B2 /* Info.plist */,
			);
			path = IntoYunSdkDemoUITests;
			sourceTree = "<group>";
		};
		11AE005C1E84D5C4003089B2 /* Demo */ = {
			isa = PBXGroup;
			children = (
				116619071ECD3C14003D6A1F /* Vendors */,
				11E01FAC1EA216B200A08AC9 /* category */,
				11E01F6C1E9C776000A08AC9 /* tools */,
				11708DD31E97C4A9004F5469 /* expand */,
				11708DCC1E9781A9004F5469 /* message */,
				11708DCB1E978198004F5469 /* recipe */,
				11AE005D1E84D5C4003089B2 /* Device */,
				11AE006C1E84D5C4003089B2 /* lib */,
				11AE00A71E84D5C4003089B2 /* login */,
			);
			path = Demo;
			sourceTree = "<group>";
		};
		11AE005D1E84D5C4003089B2 /* Device */ = {
			isa = PBXGroup;
			children = (
				11E01F761E9CFEA900A08AC9 /* view */,
				11AE005E1E84D5C4003089B2 /* DeviceList.storyboard */,
				11AE005F1E84D5C4003089B2 /* IntoControlDeviceViewController.h */,
				11AE00601E84D5C4003089B2 /* IntoControlDeviceViewController.m */,
				11AE00611E84D5C4003089B2 /* IntoImlinkConfigViewController.h */,
				11AE00621E84D5C4003089B2 /* IntoImlinkConfigViewController.m */,
				11AE00631E84D5C4003089B2 /* IntoCreateDeviceViewController.xib */,
				11AE00641E84D5C4003089B2 /* IntoDeviceInfoViewController.h */,
				11AE00651E84D5C4003089B2 /* IntoDeviceInfoViewController.m */,
				11AE006A1E84D5C4003089B2 /* IntoDeviceViewController.h */,
				11AE006B1E84D5C4003089B2 /* IntoDeviceViewController.m */,
				11708DC81E9764D1004F5469 /* HomeViewController.h */,
				11708DC91E9764D1004F5469 /* HomeViewController.m */,
				11E01F691E9C680A00A08AC9 /* IntoYunFMDBTool.h */,
				11E01F6A1E9C680A00A08AC9 /* IntoYunFMDBTool.m */,
				5E90AEDE66922E9AD607487E /* SendDataDelegate.h */,
				11E01F861E9F2AD900A08AC9 /* IntoImlinkGuideViewController.h */,
				11E01F871E9F2AD900A08AC9 /* IntoImlinkGuideViewController.m */,
			);
			path = Device;
			sourceTree = "<group>";
		};
		11AE006C1E84D5C4003089B2 /* lib */ = {
			isa = PBXGroup;
			children = (
				11E01FB61EA23B9800A08AC9 /* QRCodeReaderViewController */,
				11AE006D1E84D5C4003089B2 /* DTKDropdownMenuView */,
				11AE008B1E84D5C4003089B2 /* MBProgressHUD */,
			);
			path = lib;
			sourceTree = "<group>";
		};
		11AE006D1E84D5C4003089B2 /* DTKDropdownMenuView */ = {
			isa = PBXGroup;
			children = (
				11AE006E1E84D5C4003089B2 /* DTKDropdownMenuView.bundle */,
				11AE006F1E84D5C4003089B2 /* DTKDropdownMenuView.h */,
				11AE00701E84D5C4003089B2 /* DTKDropdownMenuView.m */,
			);
			path = DTKDropdownMenuView;
			sourceTree = "<group>";
		};
		11AE008B1E84D5C4003089B2 /* MBProgressHUD */ = {
			isa = PBXGroup;
			children = (
				11AE008C1E84D5C4003089B2 /* MBProgressHUD+IntoYun.h */,
				11AE008D1E84D5C4003089B2 /* MBProgressHUD+IntoYun.m */,
				11AE008E1E84D5C4003089B2 /* MBProgressHUD.bundle */,
				11AE008F1E84D5C4003089B2 /* MBProgressHUD.h */,
				11AE00901E84D5C4003089B2 /* MBProgressHUD.m */,
			);
			path = MBProgressHUD;
			sourceTree = "<group>";
		};
		11AE00A71E84D5C4003089B2 /* login */ = {
			isa = PBXGroup;
			children = (
				11AE00A81E84D5C4003089B2 /* IntoPersionViewController.h */,
				11AE00A91E84D5C4003089B2 /* IntoPersionViewController.m */,
				11AE00AA1E84D5C4003089B2 /* IntoRegisterViewController.h */,
				11AE00AB1E84D5C4003089B2 /* IntoRegisterViewController.m */,
				11AE00AC1E84D5C4003089B2 /* IntoResetPWViewController.h */,
				11AE00AD1E84D5C4003089B2 /* IntoResetPWViewController.m */,
				11F560BB1E96348A00ABF36A /* Main.storyboard */,
				11AE00AF1E84D5C4003089B2 /* ResetPW.storyboard */,
				11AE00B01E84D5C4003089B2 /* Rigister.storyboard */,
				11AE00B11E84D5C4003089B2 /* IntoLoginViewController.h */,
				11AE00B21E84D5C4003089B2 /* IntoLoginViewController.m */,
				11F0C6E41EA8460800C47295 /* IntoChangePasswordViewController.h */,
				11F0C6E51EA8460800C47295 /* IntoChangePasswordViewController.m */,
			);
			path = login;
			sourceTree = "<group>";
		};
		11AEFFDF1E84D487003089B2 = {
			isa = PBXGroup;
			children = (
				11AEFFEA1E84D487003089B2 /* IntoYunSdkDemo */,
				11AE00041E84D487003089B2 /* IntoYunSdkDemoTests */,
				11AE000F1E84D487003089B2 /* IntoYunSdkDemoUITests */,
				11AEFFE91E84D487003089B2 /* Products */,
				CADD90FFB1610EF912710F4E /* Pods */,
				83928D5F4F75C1DFEF08BDD0 /* Frameworks */,
			);
			sourceTree = "<group>";
		};
		11AEFFE91E84D487003089B2 /* Products */ = {
			isa = PBXGroup;
			children = (
				11AEFFE81E84D487003089B2 /* IntoYunSdkDemo.app */,
				11AE00011E84D487003089B2 /* IntoYunSdkDemoTests.xctest */,
				11AE000C1E84D487003089B2 /* IntoYunSdkDemoUITests.xctest */,
			);
			name = Products;
			sourceTree = "<group>";
		};
		11AEFFEA1E84D487003089B2 /* IntoYunSdkDemo */ = {
			isa = PBXGroup;
			children = (
				11AE005C1E84D5C4003089B2 /* Demo */,
				11AEFFEE1E84D487003089B2 /* AppDelegate.h */,
				11AEFFEF1E84D487003089B2 /* AppDelegate.m */,
				11AEFFF71E84D487003089B2 /* Assets.xcassets */,
				11AEFFFC1E84D487003089B2 /* Info.plist */,
				11AEFFEB1E84D487003089B2 /* Supporting Files */,
				11F560B41E9632EA00ABF36A /* Localizable.strings */,
			);
			path = IntoYunSdkDemo;
			sourceTree = "<group>";
		};
		11AEFFEB1E84D487003089B2 /* Supporting Files */ = {
			isa = PBXGroup;
			children = (
				117E367C1EB3247900D4493D /* SystemDatapoints.plist */,
				117E367D1EB3247900D4493D /* SystemDevice.plist */,
				11AEFFEC1E84D487003089B2 /* main.m */,
			);
			name = "Supporting Files";
			sourceTree = "<group>";
		};
		11E01F6C1E9C776000A08AC9 /* tools */ = {
			isa = PBXGroup;
			children = (
				117E36691EB3241500D4493D /* IntoSystemDatapoints.h */,
				117E366A1EB3241500D4493D /* IntoSystemDatapoints.m */,
				117E366B1EB3241500D4493D /* IntoSystemDevice.h */,
				117E366C1EB3241500D4493D /* IntoSystemDevice.m */,
				117E36661EB323E900D4493D /* IntoYunUtils.h */,
				117E36671EB323E900D4493D /* IntoYunUtils.m */,
			);
			name = tools;
			sourceTree = "<group>";
		};
		11E01F761E9CFEA900A08AC9 /* view */ = {
			isa = PBXGroup;
			children = (
				5E90AE1898B78D63F60D7C3B /* IntoDeviceViewCell.xib */,
				5E90ADDF9CE88ACA6FDB82B4 /* IntoDeviceViewCell.m */,
				5E90ADAB66A647F92401F5EE /* IntoDeviceViewCell.h */,
				11E01F771E9CFF7D00A08AC9 /* IntoDatapointBoolView.h */,
				11E01F781E9CFF7D00A08AC9 /* IntoDatapointBoolView.m */,
				11E01F7A1E9E2D5E00A08AC9 /* IntoDatapointStringView.h */,
				11E01F7B1E9E2D5E00A08AC9 /* IntoDatapointStringView.m */,
				11E01F7D1E9E65EA00A08AC9 /* IntoDatapointNumberView.h */,
				11E01F7E1E9E65EA00A08AC9 /* IntoDatapointNumberView.m */,
				11E01F801E9E785100A08AC9 /* IntoDatapointEnumView.h */,
				11E01F811E9E785100A08AC9 /* IntoDatapointEnumView.m */,
				11E01F831E9E865000A08AC9 /* IntoDatapointExtraView.h */,
				11E01F841E9E865000A08AC9 /* IntoDatapointExtraView.m */,
				11E01FA91EA1F13C00A08AC9 /* BaseDatapointView.h */,
				11E01FAA1EA1F13C00A08AC9 /* BaseDatapointView.m */,
			);
			name = view;
			sourceTree = "<group>";
		};
		11E01FAC1EA216B200A08AC9 /* category */ = {
			isa = PBXGroup;
			children = (
				11E01FB31EA219F900A08AC9 /* UIScrollView+UITouch.h */,
				11E01FB41EA219F900A08AC9 /* UIScrollView+UITouch.m */,
			);
			name = category;
			sourceTree = "<group>";
		};
		11E01FB61EA23B9800A08AC9 /* QRCodeReaderViewController */ = {
			isa = PBXGroup;
			children = (
				11E01FB71EA23B9800A08AC9 /* QRCameraSwitchButton.h */,
				11E01FB81EA23B9800A08AC9 /* QRCameraSwitchButton.m */,
				11E01FB91EA23B9800A08AC9 /* QRCodeReader.h */,
				11E01FBA1EA23B9800A08AC9 /* QRCodeReader.m */,
				11E01FBB1EA23B9800A08AC9 /* QRCodeReaderDelegate.h */,
				11E01FBC1EA23B9800A08AC9 /* QRCodeReaderView */,
				11E01FC31EA23B9800A08AC9 /* QRCodeReaderViewController.h */,
				11E01FC41EA23B9800A08AC9 /* QRCodeReaderViewController.m */,
				11E01FC51EA23B9800A08AC9 /* Resources */,
			);
			path = QRCodeReaderViewController;
			sourceTree = "<group>";
		};
		11E01FBC1EA23B9800A08AC9 /* QRCodeReaderView */ = {
			isa = PBXGroup;
			children = (
				11E01FBD1EA23B9800A08AC9 /* QRCodeReaderAanimationLineView.h */,
				11E01FBE1EA23B9800A08AC9 /* QRCodeReaderAanimationLineView.m */,
				11E01FBF1EA23B9800A08AC9 /* QRCodeReaderMaskView.h */,
				11E01FC01EA23B9800A08AC9 /* QRCodeReaderMaskView.m */,
				11E01FC11EA23B9800A08AC9 /* QRCodeReaderView.h */,
				11E01FC21EA23B9800A08AC9 /* QRCodeReaderView.m */,
			);
			path = QRCodeReaderView;
			sourceTree = "<group>";
		};
		11E01FC51EA23B9800A08AC9 /* Resources */ = {
			isa = PBXGroup;
			children = (
				11E01FC61EA23B9800A08AC9 /* QRCodeBottomLeft@2x.png */,
				11E01FC71EA23B9800A08AC9 /* QRCodeBottomLeft@3x.png */,
				11E01FC81EA23B9800A08AC9 /* QRCodeBottomRight@2x.png */,
				11E01FC91EA23B9800A08AC9 /* QRCodeBottomRight@3x.png */,
				11E01FCA1EA23B9800A08AC9 /* QRCodeLine@2x.png */,
				11E01FCB1EA23B9800A08AC9 /* QRCodeLine@3x.png */,
				11E01FCC1EA23B9800A08AC9 /* QRCodeTopLeft@2x.png */,
				11E01FCD1EA23B9800A08AC9 /* QRCodeTopLeft@3x.png */,
				11E01FCE1EA23B9800A08AC9 /* QRCodeTopRight@2x.png */,
				11E01FCF1EA23B9800A08AC9 /* QRCodeTopRight@3x.png */,
			);
			path = Resources;
			sourceTree = "<group>";
		};
		83928D5F4F75C1DFEF08BDD0 /* Frameworks */ = {
			isa = PBXGroup;
			children = (
				113E4FE41ECAE67900C8F039 /* IntoYunSDK.framework */,
				DA968040C64797AF0F85CA4E /* Pods_IntoYunSdkDemo.framework */,
			);
			name = Frameworks;
			sourceTree = "<group>";
		};
		CADD90FFB1610EF912710F4E /* Pods */ = {
			isa = PBXGroup;
			children = (
				066802C0EB4D8DC62C4FEA18 /* Pods-IntoYunSdkDemo.debug.xcconfig */,
				C278FE5BB577B382EA1591FA /* Pods-IntoYunSdkDemo.release.xcconfig */,
			);
			name = Pods;
			sourceTree = "<group>";
		};
/* End PBXGroup section */

/* Begin PBXNativeTarget section */
		11AE00001E84D487003089B2 /* IntoYunSdkDemoTests */ = {
			isa = PBXNativeTarget;
			buildConfigurationList = 11AE00181E84D487003089B2 /* Build configuration list for PBXNativeTarget "IntoYunSdkDemoTests" */;
			buildPhases = (
				11AEFFFD1E84D487003089B2 /* Sources */,
				11AEFFFE1E84D487003089B2 /* Frameworks */,
				11AEFFFF1E84D487003089B2 /* Resources */,
			);
			buildRules = (
			);
			dependencies = (
				11AE00031E84D487003089B2 /* PBXTargetDependency */,
			);
			name = IntoYunSdkDemoTests;
			productName = IntoYunSdkDemoTests;
			productReference = 11AE00011E84D487003089B2 /* IntoYunSdkDemoTests.xctest */;
			productType = "com.apple.product-type.bundle.unit-test";
		};
		11AE000B1E84D487003089B2 /* IntoYunSdkDemoUITests */ = {
			isa = PBXNativeTarget;
			buildConfigurationList = 11AE001B1E84D487003089B2 /* Build configuration list for PBXNativeTarget "IntoYunSdkDemoUITests" */;
			buildPhases = (
				11AE00081E84D487003089B2 /* Sources */,
				11AE00091E84D487003089B2 /* Frameworks */,
				11AE000A1E84D487003089B2 /* Resources */,
			);
			buildRules = (
			);
			dependencies = (
				11AE000E1E84D487003089B2 /* PBXTargetDependency */,
			);
			name = IntoYunSdkDemoUITests;
			productName = IntoYunSdkDemoUITests;
			productReference = 11AE000C1E84D487003089B2 /* IntoYunSdkDemoUITests.xctest */;
			productType = "com.apple.product-type.bundle.ui-testing";
		};
		11AEFFE71E84D487003089B2 /* IntoYunSdkDemo */ = {
			isa = PBXNativeTarget;
			buildConfigurationList = 11AE00151E84D487003089B2 /* Build configuration list for PBXNativeTarget "IntoYunSdkDemo" */;
			buildPhases = (
				786042902C33ADC38D12222A /* [CP] Check Pods Manifest.lock */,
				11AEFFE41E84D487003089B2 /* Sources */,
				11AEFFE51E84D487003089B2 /* Frameworks */,
				11AEFFE61E84D487003089B2 /* Resources */,
				0948C893CA930FEDA5E0FBC7 /* [CP] Embed Pods Frameworks */,
				3134B43C6591E32C0CAF7C83 /* [CP] Copy Pods Resources */,
			);
			buildRules = (
			);
			dependencies = (
			);
			name = IntoYunSdkDemo;
			productName = IntoYunSdkDemo;
			productReference = 11AEFFE81E84D487003089B2 /* IntoYunSdkDemo.app */;
			productType = "com.apple.product-type.application";
		};
/* End PBXNativeTarget section */

/* Begin PBXProject section */
		11AEFFE01E84D487003089B2 /* Project object */ = {
			isa = PBXProject;
			attributes = {
				LastUpgradeCheck = 0820;
				ORGANIZATIONNAME = "hui he";
				TargetAttributes = {
					11AE00001E84D487003089B2 = {
						CreatedOnToolsVersion = 8.2.1;
						DevelopmentTeam = GWXM73N3ZY;
						ProvisioningStyle = Automatic;
						TestTargetID = 11AEFFE71E84D487003089B2;
					};
					11AE000B1E84D487003089B2 = {
						CreatedOnToolsVersion = 8.2.1;
						DevelopmentTeam = GWXM73N3ZY;
						ProvisioningStyle = Automatic;
						TestTargetID = 11AEFFE71E84D487003089B2;
					};
					11AEFFE71E84D487003089B2 = {
						CreatedOnToolsVersion = 8.2.1;
						DevelopmentTeam = 3L9MYP3XH2;
						ProvisioningStyle = Automatic;
					};
				};
			};
			buildConfigurationList = 11AEFFE31E84D487003089B2 /* Build configuration list for PBXProject "IntoYunSdkDemo" */;
			compatibilityVersion = "Xcode 3.2";
			developmentRegion = English;
			hasScannedForEncodings = 0;
			knownRegions = (
				en,
				Base,
				"zh-Hans",
			);
			mainGroup = 11AEFFDF1E84D487003089B2;
			productRefGroup = 11AEFFE91E84D487003089B2 /* Products */;
			projectDirPath = "";
			projectRoot = "";
			targets = (
				11AEFFE71E84D487003089B2 /* IntoYunSdkDemo */,
				11AE00001E84D487003089B2 /* IntoYunSdkDemoTests */,
				11AE000B1E84D487003089B2 /* IntoYunSdkDemoUITests */,
			);
		};
/* End PBXProject section */

/* Begin PBXResourcesBuildPhase section */
		11AE000A1E84D487003089B2 /* Resources */ = {
			isa = PBXResourcesBuildPhase;
			buildActionMask = 2147483647;
			files = (
			);
			runOnlyForDeploymentPostprocessing = 0;
		};
		11AEFFE61E84D487003089B2 /* Resources */ = {
			isa = PBXResourcesBuildPhase;
			buildActionMask = 2147483647;
			files = (
				11E01FDB1EA23B9800A08AC9 /* QRCodeLine@3x.png in Resources */,
				11E01FD81EA23B9800A08AC9 /* QRCodeBottomRight@2x.png in Resources */,
				117E367E1EB3247900D4493D /* SystemDatapoints.plist in Resources */,
				11E01FD91EA23B9800A08AC9 /* QRCodeBottomRight@3x.png in Resources */,
				11E63AE21EC6E7D6006004D7 /* DeviceList.storyboard in Resources */,
				11E01FD71EA23B9800A08AC9 /* QRCodeBottomLeft@3x.png in Resources */,
				11E01FDD1EA23B9800A08AC9 /* QRCodeTopLeft@3x.png in Resources */,
				11E01FDA1EA23B9800A08AC9 /* QRCodeLine@2x.png in Resources */,
				11AE00D91E84D5C4003089B2 /* Rigister.storyboard in Resources */,
				117E367F1EB3247900D4493D /* SystemDevice.plist in Resources */,
				11E01FD61EA23B9800A08AC9 /* QRCodeBottomLeft@2x.png in Resources */,
				11E01FDF1EA23B9800A08AC9 /* QRCodeTopRight@3x.png in Resources */,
				11AE00B61E84D5C4003089B2 /* IntoCreateDeviceViewController.xib in Resources */,
				11F560B91E96348A00ABF36A /* Main.storyboard in Resources */,
				11E01F611E9B768600A08AC9 /* IntoRecipeCollectionViewCell.xib in Resources */,
				11F560B21E9632EA00ABF36A /* Localizable.strings in Resources */,
				11AEFFF81E84D487003089B2 /* Assets.xcassets in Resources */,
				11E01FDC1EA23B9800A08AC9 /* QRCodeTopLeft@2x.png in Resources */,
				11AE00BB1E84D5C4003089B2 /* DTKDropdownMenuView.bundle in Resources */,
				11AE00D81E84D5C4003089B2 /* ResetPW.storyboard in Resources */,
				11E01FDE1EA23B9800A08AC9 /* QRCodeTopRight@2x.png in Resources */,
				11AE00C81E84D5C4003089B2 /* MBProgressHUD.bundle in Resources */,
				5E90A161A444A5C00643094A /* IntoDeviceViewCell.xib in Resources */,
			);
			runOnlyForDeploymentPostprocessing = 0;
		};
		11AEFFFF1E84D487003089B2 /* Resources */ = {
			isa = PBXResourcesBuildPhase;
			buildActionMask = 2147483647;
			files = (
			);
			runOnlyForDeploymentPostprocessing = 0;
		};
/* End PBXResourcesBuildPhase section */

/* Begin PBXShellScriptBuildPhase section */
		0948C893CA930FEDA5E0FBC7 /* [CP] Embed Pods Frameworks */ = {
			isa = PBXShellScriptBuildPhase;
			buildActionMask = 2147483647;
			files = (
			);
			inputPaths = (
			);
			name = "[CP] Embed Pods Frameworks";
			outputPaths = (
			);
			runOnlyForDeploymentPostprocessing = 0;
			shellPath = /bin/sh;
			shellScript = "\"${SRCROOT}/Pods/Target Support Files/Pods-IntoYunSdkDemo/Pods-IntoYunSdkDemo-frameworks.sh\"\n";
			showEnvVarsInLog = 0;
		};
		3134B43C6591E32C0CAF7C83 /* [CP] Copy Pods Resources */ = {
			isa = PBXShellScriptBuildPhase;
			buildActionMask = 2147483647;
			files = (
			);
			inputPaths = (
			);
			name = "[CP] Copy Pods Resources";
			outputPaths = (
			);
			runOnlyForDeploymentPostprocessing = 0;
			shellPath = /bin/sh;
			shellScript = "\"${SRCROOT}/Pods/Target Support Files/Pods-IntoYunSdkDemo/Pods-IntoYunSdkDemo-resources.sh\"\n";
			showEnvVarsInLog = 0;
		};
		786042902C33ADC38D12222A /* [CP] Check Pods Manifest.lock */ = {
			isa = PBXShellScriptBuildPhase;
			buildActionMask = 2147483647;
			files = (
			);
			inputPaths = (
			);
			name = "[CP] Check Pods Manifest.lock";
			outputPaths = (
			);
			runOnlyForDeploymentPostprocessing = 0;
			shellPath = /bin/sh;
			shellScript = "diff \"${PODS_ROOT}/../Podfile.lock\" \"${PODS_ROOT}/Manifest.lock\" > /dev/null\nif [ $? != 0 ] ; then\n    # print error to STDERR\n    echo \"error: The sandbox is not in sync with the Podfile.lock. Run 'pod install' or update your CocoaPods installation.\" >&2\n    exit 1\nfi\n";
			showEnvVarsInLog = 0;
		};
/* End PBXShellScriptBuildPhase section */

/* Begin PBXSourcesBuildPhase section */
		11AE00081E84D487003089B2 /* Sources */ = {
			isa = PBXSourcesBuildPhase;
			buildActionMask = 2147483647;
			files = (
				11AE00111E84D487003089B2 /* IntoYunSdkDemoUITests.m in Sources */,
			);
			runOnlyForDeploymentPostprocessing = 0;
		};
		11AEFFE41E84D487003089B2 /* Sources */ = {
			isa = PBXSourcesBuildPhase;
			buildActionMask = 2147483647;
			files = (
				11AE00D41E84D5C4003089B2 /* IntoPersionViewController.m in Sources */,
				11E01F6B1E9C680A00A08AC9 /* IntoYunFMDBTool.m in Sources */,
				117E36851EB325AA00D4493D /* IntoDatePicker.m in Sources */,
				11E01FD01EA23B9800A08AC9 /* QRCameraSwitchButton.m in Sources */,
				11E01F821E9E785100A08AC9 /* IntoDatapointEnumView.m in Sources */,
				117E36621EB323C700D4493D /* TriggerBoolView.m in Sources */,
				116619111ECD3EC5003D6A1F /* HHBaseView.m in Sources */,
				117E368E1EB3263600D4493D /* IntoRecipeCollectionViewCell.m in Sources */,
				117E36F71EB34EFE00D4493D /* ActionStringView.m in Sources */,
				117E36641EB323C700D4493D /* TriggerNumberView.m in Sources */,
				11AE00B51E84D5C4003089B2 /* IntoImlinkConfigViewController.m in Sources */,
				11AE00D61E84D5C4003089B2 /* IntoResetPWViewController.m in Sources */,
				11E01F881E9F2AD900A08AC9 /* IntoImlinkGuideViewController.m in Sources */,
				11E01FD31EA23B9800A08AC9 /* QRCodeReaderMaskView.m in Sources */,
				11E01FD51EA23B9800A08AC9 /* QRCodeReaderViewController.m in Sources */,
				117E36F41EB34EEA00D4493D /* ActionEnumView.m in Sources */,
				117E36821EB3256500D4493D /* SelectTriggerViewController.m in Sources */,
				117E36631EB323C700D4493D /* TriggerEnumView.m in Sources */,
				117E366E1EB3241500D4493D /* IntoSystemDevice.m in Sources */,
				11AE00C71E84D5C4003089B2 /* MBProgressHUD+IntoYun.m in Sources */,
				11AE00BC1E84D5C4003089B2 /* DTKDropdownMenuView.m in Sources */,
				11E01FB51EA219F900A08AC9 /* UIScrollView+UITouch.m in Sources */,
				11708DCA1E9764D1004F5469 /* HomeViewController.m in Sources */,
				11E01FD41EA23B9800A08AC9 /* QRCodeReaderView.m in Sources */,
				117E36791EB3243800D4493D /* SelectActionViewController.m in Sources */,
				11E01FD21EA23B9800A08AC9 /* QRCodeReaderAanimationLineView.m in Sources */,
				11AEFFF01E84D487003089B2 /* AppDelegate.m in Sources */,
				11F0C6E61EA8460800C47295 /* IntoChangePasswordViewController.m in Sources */,
				11E01FD11EA23B9800A08AC9 /* QRCodeReader.m in Sources */,
				11AE00B71E84D5C4003089B2 /* IntoDeviceInfoViewController.m in Sources */,
				11E01FAB1EA1F13C00A08AC9 /* BaseDatapointView.m in Sources */,
				11E01F7F1E9E65EA00A08AC9 /* IntoDatapointNumberView.m in Sources */,
				11AEFFED1E84D487003089B2 /* main.m in Sources */,
				117E36EE1EB334C900D4493D /* ActionBoolView.m in Sources */,
				11AE00D51E84D5C4003089B2 /* IntoRegisterViewController.m in Sources */,
				117E367B1EB3243800D4493D /* SetTriggerViewController.m in Sources */,
				11708DD71E988182004F5469 /* IntoMessageCell.m in Sources */,
				11AE00C91E84D5C4003089B2 /* MBProgressHUD.m in Sources */,
				117E36651EB323C700D4493D /* TriggerTimerView.m in Sources */,
				11E01F791E9CFF7D00A08AC9 /* IntoDatapointBoolView.m in Sources */,
				117E367A1EB3243800D4493D /* SetActionViewController.m in Sources */,
				11AE00B41E84D5C4003089B2 /* IntoControlDeviceViewController.m in Sources */,
				11E01F851E9E865000A08AC9 /* IntoDatapointExtraView.m in Sources */,
				11AE00DA1E84D5C4003089B2 /* IntoLoginViewController.m in Sources */,
				11E01F7C1E9E2D5E00A08AC9 /* IntoDatapointStringView.m in Sources */,
				1166190E1ECD3E71003D6A1F /* HHTextFieldView.m in Sources */,
				117E366D1EB3241500D4493D /* IntoSystemDatapoints.m in Sources */,
				117E36911EB3265B00D4493D /* DataPointTableViewCell.m in Sources */,
				117E36681EB323E900D4493D /* IntoYunUtils.m in Sources */,
				11708DDA1E9883EC004F5469 /* IntoMessageModel.m in Sources */,
				117E36881EB325F900D4493D /* DeviceCollectionViewCell.m in Sources */,
				11AE00BA1E84D5C4003089B2 /* IntoDeviceViewController.m in Sources */,
				117E36F11EB34ED300D4493D /* ActionNumberView.m in Sources */,
				11708DD21E97821A004F5469 /* IntoMessageTableViewController.m in Sources */,
				117E36781EB3243800D4493D /* RecipeDetailViewController.m in Sources */,
				117E368B1EB3262100D4493D /* DeviceCollectionViewGridLayout.m in Sources */,
				11E01F5C1E9B0EE100A08AC9 /* RecipeCollectionViewController.m in Sources */,
				117E36FA1EB34F3C00D4493D /* ActionEmailView.m in Sources */,
				5E90A576783B338E065F3053 /* IntoDeviceViewCell.m in Sources */,
			);
			runOnlyForDeploymentPostprocessing = 0;
		};
		11AEFFFD1E84D487003089B2 /* Sources */ = {
			isa = PBXSourcesBuildPhase;
			buildActionMask = 2147483647;
			files = (
				11AE00061E84D487003089B2 /* IntoYunSdkDemoTests.m in Sources */,
			);
			runOnlyForDeploymentPostprocessing = 0;
		};
/* End PBXSourcesBuildPhase section */

/* Begin PBXTargetDependency section */
		11AE00031E84D487003089B2 /* PBXTargetDependency */ = {
			isa = PBXTargetDependency;
			target = 11AEFFE71E84D487003089B2 /* IntoYunSdkDemo */;
			targetProxy = 11AE00021E84D487003089B2 /* PBXContainerItemProxy */;
		};
		11AE000E1E84D487003089B2 /* PBXTargetDependency */ = {
			isa = PBXTargetDependency;
			target = 11AEFFE71E84D487003089B2 /* IntoYunSdkDemo */;
			targetProxy = 11AE000D1E84D487003089B2 /* PBXContainerItemProxy */;
		};
/* End PBXTargetDependency section */

/* Begin PBXVariantGroup section */
		11F560B41E9632EA00ABF36A /* Localizable.strings */ = {
			isa = PBXVariantGroup;
			children = (
				11F560B71E96333600ABF36A /* zh-Hans */,
				11F560B81E96335C00ABF36A /* en */,
			);
			name = Localizable.strings;
			sourceTree = "<group>";
		};
		11F560BB1E96348A00ABF36A /* Main.storyboard */ = {
			isa = PBXVariantGroup;
			children = (
				11F560BA1E96348A00ABF36A /* Base */,
			);
			name = Main.storyboard;
			sourceTree = "<group>";
		};
/* End PBXVariantGroup section */

/* Begin XCBuildConfiguration section */
		11AE00131E84D487003089B2 /* Debug */ = {
			isa = XCBuildConfiguration;
			buildSettings = {
				ALWAYS_SEARCH_USER_PATHS = NO;
				CLANG_ANALYZER_LOCALIZABILITY_NONLOCALIZED = YES;
				CLANG_ANALYZER_NONNULL = YES;
				CLANG_CXX_LANGUAGE_STANDARD = "gnu++0x";
				CLANG_CXX_LIBRARY = "libc++";
				CLANG_ENABLE_MODULES = YES;
				CLANG_ENABLE_OBJC_ARC = YES;
				CLANG_WARN_BOOL_CONVERSION = YES;
				CLANG_WARN_CONSTANT_CONVERSION = YES;
				CLANG_WARN_DIRECT_OBJC_ISA_USAGE = YES_ERROR;
				CLANG_WARN_DOCUMENTATION_COMMENTS = YES;
				CLANG_WARN_EMPTY_BODY = YES;
				CLANG_WARN_ENUM_CONVERSION = YES;
				CLANG_WARN_INFINITE_RECURSION = YES;
				CLANG_WARN_INT_CONVERSION = YES;
				CLANG_WARN_OBJC_ROOT_CLASS = YES_ERROR;
				CLANG_WARN_SUSPICIOUS_MOVE = YES;
				CLANG_WARN_UNREACHABLE_CODE = YES;
				CLANG_WARN__DUPLICATE_METHOD_MATCH = YES;
				"CODE_SIGN_IDENTITY[sdk=iphoneos*]" = "iPhone Developer";
				COPY_PHASE_STRIP = NO;
				DEBUG_INFORMATION_FORMAT = dwarf;
				ENABLE_STRICT_OBJC_MSGSEND = YES;
				ENABLE_TESTABILITY = YES;
				GCC_C_LANGUAGE_STANDARD = gnu99;
				GCC_DYNAMIC_NO_PIC = NO;
				GCC_NO_COMMON_BLOCKS = YES;
				GCC_OPTIMIZATION_LEVEL = 0;
				GCC_PREPROCESSOR_DEFINITIONS = (
					"DEBUG=1",
					"$(inherited)",
				);
				GCC_WARN_64_TO_32_BIT_CONVERSION = YES;
				GCC_WARN_ABOUT_RETURN_TYPE = YES_ERROR;
				GCC_WARN_UNDECLARED_SELECTOR = YES;
				GCC_WARN_UNINITIALIZED_AUTOS = YES_AGGRESSIVE;
				GCC_WARN_UNUSED_FUNCTION = YES;
				GCC_WARN_UNUSED_VARIABLE = YES;
				IPHONEOS_DEPLOYMENT_TARGET = 8.0;
				MTL_ENABLE_DEBUG_INFO = YES;
				ONLY_ACTIVE_ARCH = YES;
				SDKROOT = iphoneos;
				TARGETED_DEVICE_FAMILY = "1,2";
			};
			name = Debug;
		};
		11AE00141E84D487003089B2 /* Release */ = {
			isa = XCBuildConfiguration;
			buildSettings = {
				ALWAYS_SEARCH_USER_PATHS = NO;
				CLANG_ANALYZER_LOCALIZABILITY_NONLOCALIZED = YES;
				CLANG_ANALYZER_NONNULL = YES;
				CLANG_CXX_LANGUAGE_STANDARD = "gnu++0x";
				CLANG_CXX_LIBRARY = "libc++";
				CLANG_ENABLE_MODULES = YES;
				CLANG_ENABLE_OBJC_ARC = YES;
				CLANG_WARN_BOOL_CONVERSION = YES;
				CLANG_WARN_CONSTANT_CONVERSION = YES;
				CLANG_WARN_DIRECT_OBJC_ISA_USAGE = YES_ERROR;
				CLANG_WARN_DOCUMENTATION_COMMENTS = YES;
				CLANG_WARN_EMPTY_BODY = YES;
				CLANG_WARN_ENUM_CONVERSION = YES;
				CLANG_WARN_INFINITE_RECURSION = YES;
				CLANG_WARN_INT_CONVERSION = YES;
				CLANG_WARN_OBJC_ROOT_CLASS = YES_ERROR;
				CLANG_WARN_SUSPICIOUS_MOVE = YES;
				CLANG_WARN_UNREACHABLE_CODE = YES;
				CLANG_WARN__DUPLICATE_METHOD_MATCH = YES;
				"CODE_SIGN_IDENTITY[sdk=iphoneos*]" = "iPhone Developer";
				COPY_PHASE_STRIP = NO;
				DEBUG_INFORMATION_FORMAT = "dwarf-with-dsym";
				ENABLE_NS_ASSERTIONS = NO;
				ENABLE_STRICT_OBJC_MSGSEND = YES;
				GCC_C_LANGUAGE_STANDARD = gnu99;
				GCC_NO_COMMON_BLOCKS = YES;
				GCC_WARN_64_TO_32_BIT_CONVERSION = YES;
				GCC_WARN_ABOUT_RETURN_TYPE = YES_ERROR;
				GCC_WARN_UNDECLARED_SELECTOR = YES;
				GCC_WARN_UNINITIALIZED_AUTOS = YES_AGGRESSIVE;
				GCC_WARN_UNUSED_FUNCTION = YES;
				GCC_WARN_UNUSED_VARIABLE = YES;
				IPHONEOS_DEPLOYMENT_TARGET = 8.0;
				MTL_ENABLE_DEBUG_INFO = NO;
				SDKROOT = iphoneos;
				TARGETED_DEVICE_FAMILY = "1,2";
				VALIDATE_PRODUCT = YES;
			};
			name = Release;
		};
		11AE00161E84D487003089B2 /* Debug */ = {
			isa = XCBuildConfiguration;
			baseConfigurationReference = 066802C0EB4D8DC62C4FEA18 /* Pods-IntoYunSdkDemo.debug.xcconfig */;
			buildSettings = {
				ASSETCATALOG_COMPILER_APPICON_NAME = AppIcon;
				ASSETCATALOG_COMPILER_LAUNCHIMAGE_NAME = LaunchImage;
				DEVELOPMENT_TEAM = 3L9MYP3XH2;
				FRAMEWORK_SEARCH_PATHS = (
					"$(inherited)",
					"$(PROJECT_DIR)",
				);
				HEADER_SEARCH_PATHS = "\"$(SRCROOT)/IntoYunSDK.framework/Headers\"";
				INFOPLIST_FILE = IntoYunSdkDemo/Info.plist;
				LD_RUNPATH_SEARCH_PATHS = "$(inherited) @executable_path/Frameworks";
				LIBRARY_SEARCH_PATHS = "$(inherited)";
				OTHER_LDFLAGS = (
					"$(inherited)",
					"-framework",
					"\"AFNetworking\"",
					"-framework",
					"\"CocoaAsyncSocket\"",
					"-framework",
					"\"FMDB\"",
					"-framework",
					"\"MJExtension\"",
					"-framework",
					"\"MQTTClient\"",
					"-framework",
					"\"SDWebImage\"",
					"-ObjC",
				);
				PRODUCT_BUNDLE_IDENTIFIER = com.molmc.IntoYunSdkDemo;
				PRODUCT_NAME = "$(TARGET_NAME)";
			};
			name = Debug;
		};
		11AE00171E84D487003089B2 /* Release */ = {
			isa = XCBuildConfiguration;
			baseConfigurationReference = C278FE5BB577B382EA1591FA /* Pods-IntoYunSdkDemo.release.xcconfig */;
			buildSettings = {
				ASSETCATALOG_COMPILER_APPICON_NAME = AppIcon;
				ASSETCATALOG_COMPILER_LAUNCHIMAGE_NAME = LaunchImage;
				DEVELOPMENT_TEAM = 3L9MYP3XH2;
				FRAMEWORK_SEARCH_PATHS = (
					"$(inherited)",
					"$(PROJECT_DIR)",
				);
				HEADER_SEARCH_PATHS = "\"$(SRCROOT)/IntoYunSDK.framework/Headers\"";
				INFOPLIST_FILE = IntoYunSdkDemo/Info.plist;
				LD_RUNPATH_SEARCH_PATHS = "$(inherited) @executable_path/Frameworks";
				LIBRARY_SEARCH_PATHS = "$(inherited)";
				OTHER_LDFLAGS = (
					"$(inherited)",
					"-framework",
					"\"AFNetworking\"",
					"-framework",
					"\"CocoaAsyncSocket\"",
					"-framework",
					"\"FMDB\"",
					"-framework",
					"\"MJExtension\"",
					"-framework",
					"\"MQTTClient\"",
					"-framework",
					"\"SDWebImage\"",
					"-ObjC",
				);
				PRODUCT_BUNDLE_IDENTIFIER = com.molmc.IntoYunSdkDemo;
				PRODUCT_NAME = "$(TARGET_NAME)";
			};
			name = Release;
		};
		11AE00191E84D487003089B2 /* Debug */ = {
			isa = XCBuildConfiguration;
			buildSettings = {
				BUNDLE_LOADER = "$(TEST_HOST)";
				DEVELOPMENT_TEAM = GWXM73N3ZY;
				INFOPLIST_FILE = IntoYunSdkDemoTests/Info.plist;
				LD_RUNPATH_SEARCH_PATHS = "$(inherited) @executable_path/Frameworks @loader_path/Frameworks";
				PRODUCT_BUNDLE_IDENTIFIER = com.molmc.IntoYunSdkDemoTests;
				PRODUCT_NAME = "$(TARGET_NAME)";
				TEST_HOST = "$(BUILT_PRODUCTS_DIR)/IntoYunSdkDemo.app/IntoYunSdkDemo";
			};
			name = Debug;
		};
		11AE001A1E84D487003089B2 /* Release */ = {
			isa = XCBuildConfiguration;
			buildSettings = {
				BUNDLE_LOADER = "$(TEST_HOST)";
				DEVELOPMENT_TEAM = GWXM73N3ZY;
				INFOPLIST_FILE = IntoYunSdkDemoTests/Info.plist;
				LD_RUNPATH_SEARCH_PATHS = "$(inherited) @executable_path/Frameworks @loader_path/Frameworks";
				PRODUCT_BUNDLE_IDENTIFIER = com.molmc.IntoYunSdkDemoTests;
				PRODUCT_NAME = "$(TARGET_NAME)";
				TEST_HOST = "$(BUILT_PRODUCTS_DIR)/IntoYunSdkDemo.app/IntoYunSdkDemo";
			};
			name = Release;
		};
		11AE001C1E84D487003089B2 /* Debug */ = {
			isa = XCBuildConfiguration;
			buildSettings = {
				DEVELOPMENT_TEAM = GWXM73N3ZY;
				INFOPLIST_FILE = IntoYunSdkDemoUITests/Info.plist;
				LD_RUNPATH_SEARCH_PATHS = "$(inherited) @executable_path/Frameworks @loader_path/Frameworks";
				PRODUCT_BUNDLE_IDENTIFIER = com.molmc.IntoYunSdkDemoUITests;
				PRODUCT_NAME = "$(TARGET_NAME)";
				TEST_TARGET_NAME = IntoYunSdkDemo;
			};
			name = Debug;
		};
		11AE001D1E84D487003089B2 /* Release */ = {
			isa = XCBuildConfiguration;
			buildSettings = {
				DEVELOPMENT_TEAM = GWXM73N3ZY;
				INFOPLIST_FILE = IntoYunSdkDemoUITests/Info.plist;
				LD_RUNPATH_SEARCH_PATHS = "$(inherited) @executable_path/Frameworks @loader_path/Frameworks";
				PRODUCT_BUNDLE_IDENTIFIER = com.molmc.IntoYunSdkDemoUITests;
				PRODUCT_NAME = "$(TARGET_NAME)";
				TEST_TARGET_NAME = IntoYunSdkDemo;
			};
			name = Release;
		};
/* End XCBuildConfiguration section */

/* Begin XCConfigurationList section */
		11AE00151E84D487003089B2 /* Build configuration list for PBXNativeTarget "IntoYunSdkDemo" */ = {
			isa = XCConfigurationList;
			buildConfigurations = (
				11AE00161E84D487003089B2 /* Debug */,
				11AE00171E84D487003089B2 /* Release */,
			);
			defaultConfigurationIsVisible = 0;
			defaultConfigurationName = Release;
		};
		11AE00181E84D487003089B2 /* Build configuration list for PBXNativeTarget "IntoYunSdkDemoTests" */ = {
			isa = XCConfigurationList;
			buildConfigurations = (
				11AE00191E84D487003089B2 /* Debug */,
				11AE001A1E84D487003089B2 /* Release */,
			);
			defaultConfigurationIsVisible = 0;
			defaultConfigurationName = Release;
		};
		11AE001B1E84D487003089B2 /* Build configuration list for PBXNativeTarget "IntoYunSdkDemoUITests" */ = {
			isa = XCConfigurationList;
			buildConfigurations = (
				11AE001C1E84D487003089B2 /* Debug */,
				11AE001D1E84D487003089B2 /* Release */,
			);
			defaultConfigurationIsVisible = 0;
			defaultConfigurationName = Release;
		};
		11AEFFE31E84D487003089B2 /* Build configuration list for PBXProject "IntoYunSdkDemo" */ = {
			isa = XCConfigurationList;
			buildConfigurations = (
				11AE00131E84D487003089B2 /* Debug */,
				11AE00141E84D487003089B2 /* Release */,
			);
			defaultConfigurationIsVisible = 0;
			defaultConfigurationName = Release;
		};
/* End XCConfigurationList section */
	};
	rootObject = 11AEFFE01E84D487003089B2 /* Project object */;
}
